
Microsoft Visual Studio Solution File, Format Version 10.00
# Visual Studio 2008
Project("{8BC9CEB8-8B4A-11D0-8D11-00A0C91BC942}") = "FreeMap", "FreeMap\FreeMap.vcproj", "{2A780112-E05B-46B9-86E2-0803CD234C69}"
	ProjectSection(ProjectDependencies) = postProject
		{E8023209-F12B-4823-B6A7-3B37FD226D7E} = {E8023209-F12B-4823-B6A7-3B37FD226D7E}
		{3E54B314-91BE-4E58-83F1-2706042C83F1} = {3E54B314-91BE-4E58-83F1-2706042C83F1}
		{12CE6C30-7062-462C-BB6D-55A627D9CF75} = {12CE6C30-7062-462C-BB6D-55A627D9CF75}
		{40191A51-742F-4FC8-8C69-415A841C3DAE} = {40191A51-742F-4FC8-8C69-415A841C3DAE}
		{EBCE4B7A-EA4C-464D-B276-8BCFC6E269BC} = {EBCE4B7A-EA4C-464D-B276-8BCFC6E269BC}
		{0380E491-F4BA-45EE-AB2F-EF22F09EA9AD} = {0380E491-F4BA-45EE-AB2F-EF22F09EA9AD}
		{175A63A0-7FF2-4C2C-8847-2A1938F88B15} = {175A63A0-7FF2-4C2C-8847-2A1938F88B15}
		{16651EE8-2AB9-4ECC-BEB0-5CD165779696} = {16651EE8-2AB9-4ECC-BEB0-5CD165779696}
		{05D864ED-0A35-4AD3-9276-65A217240989} = {05D864ED-0A35-4AD3-9276-65A217240989}
		{E03F1BF0-A79D-4DF7-971C-1B3F4362C481} = {E03F1BF0-A79D-4DF7-971C-1B3F4362C481}
		{0A5071F5-2EEC-4843-85FE-D60EFC4756C6} = {0A5071F5-2EEC-4843-85FE-D60EFC4756C6}
	EndProjectSection
EndProject
Project("{8BC9CEB8-8B4A-11D0-8D11-00A0C91BC942}") = "RoadGPS", "RoadGPS\RoadGPS.vcproj", "{3A2619B7-9D2A-4218-BC2C-46139135E176}"
	ProjectSection(ProjectDependencies) = postProject
		{E8023209-F12B-4823-B6A7-3B37FD226D7E} = {E8023209-F12B-4823-B6A7-3B37FD226D7E}
		{3E54B314-91BE-4E58-83F1-2706042C83F1} = {3E54B314-91BE-4E58-83F1-2706042C83F1}
		{12CE6C30-7062-462C-BB6D-55A627D9CF75} = {12CE6C30-7062-462C-BB6D-55A627D9CF75}
		{CB841A3D-AB61-4EF4-B27A-B52AAA3DFC0C} = {CB841A3D-AB61-4EF4-B27A-B52AAA3DFC0C}
		{40191A51-742F-4FC8-8C69-415A841C3DAE} = {40191A51-742F-4FC8-8C69-415A841C3DAE}
		{EBCE4B7A-EA4C-464D-B276-8BCFC6E269BC} = {EBCE4B7A-EA4C-464D-B276-8BCFC6E269BC}
		{0380E491-F4BA-45EE-AB2F-EF22F09EA9AD} = {0380E491-F4BA-45EE-AB2F-EF22F09EA9AD}
		{175A63A0-7FF2-4C2C-8847-2A1938F88B15} = {175A63A0-7FF2-4C2C-8847-2A1938F88B15}
		{05D864ED-0A35-4AD3-9276-65A217240989} = {05D864ED-0A35-4AD3-9276-65A217240989}
		{0A5071F5-2EEC-4843-85FE-D60EFC4756C6} = {0A5071F5-2EEC-4843-85FE-D60EFC4756C6}
	EndProjectSection
EndProject
Project("{8BC9CEB8-8B4A-11D0-8D11-00A0C91BC942}") = "Roadmap", "Roadmap\Roadmap.vcproj", "{92CFEF1D-A7AD-4F2A-B646-9DB6E44D1DA6}"
	ProjectSection(ProjectDependencies) = postProject
		{12CE6C30-7062-462C-BB6D-55A627D9CF75} = {12CE6C30-7062-462C-BB6D-55A627D9CF75}
		{40191A51-742F-4FC8-8C69-415A841C3DAE} = {40191A51-742F-4FC8-8C69-415A841C3DAE}
		{EBCE4B7A-EA4C-464D-B276-8BCFC6E269BC} = {EBCE4B7A-EA4C-464D-B276-8BCFC6E269BC}
		{175A63A0-7FF2-4C2C-8847-2A1938F88B15} = {175A63A0-7FF2-4C2C-8847-2A1938F88B15}
		{05D864ED-0A35-4AD3-9276-65A217240989} = {05D864ED-0A35-4AD3-9276-65A217240989}
		{E03F1BF0-A79D-4DF7-971C-1B3F4362C481} = {E03F1BF0-A79D-4DF7-971C-1B3F4362C481}
	EndProjectSection
EndProject
Project("{8BC9CEB8-8B4A-11D0-8D11-00A0C91BC942}") = "agg", "agg\agg.vcproj", "{05D864ED-0A35-4AD3-9276-65A217240989}"
EndProject
Project("{8BC9CEB8-8B4A-11D0-8D11-00A0C91BC942}") = "libfribidi", "libfribidi\libfribidi.vcproj", "{0A5071F5-2EEC-4843-85FE-D60EFC4756C6}"
EndProject
Project("{8BC9CEB8-8B4A-11D0-8D11-00A0C91BC942}") = "libft", "libft\libft.vcproj", "{40191A51-742F-4FC8-8C69-415A841C3DAE}"
EndProject
Project("{8BC9CEB8-8B4A-11D0-8D11-00A0C91BC942}") = "libguiroadgps", "libguiroadgps\libguiroadgps.vcproj", "{CB841A3D-AB61-4EF4-B27A-B52AAA3DFC0C}"
EndProject
Project("{8BC9CEB8-8B4A-11D0-8D11-00A0C91BC942}") = "libguiroadmap", "libguiroadmap\libguiroadmap.vcproj", "{E03F1BF0-A79D-4DF7-971C-1B3F4362C481}"
EndProject
Project("{8BC9CEB8-8B4A-11D0-8D11-00A0C91BC942}") = "libosroadmap", "libosroadmap\libosroadmap.vcproj", "{EBCE4B7A-EA4C-464D-B276-8BCFC6E269BC}"
EndProject
Project("{8BC9CEB8-8B4A-11D0-8D11-00A0C91BC942}") = "libroadmap", "libroadmap\libroadmap.vcproj", "{175A63A0-7FF2-4C2C-8847-2A1938F88B15}"
EndProject
Project("{8BC9CEB8-8B4A-11D0-8D11-00A0C91BC942}") = "libssd", "libssd\libssd.vcproj", "{0380E491-F4BA-45EE-AB2F-EF22F09EA9AD}"
EndProject
Project("{8BC9CEB8-8B4A-11D0-8D11-00A0C91BC942}") = "libwinceguiroadmap", "libwinceguiroadmap\libwinceguiroadmap.vcproj", "{12CE6C30-7062-462C-BB6D-55A627D9CF75}"
	ProjectSection(ProjectDependencies) = postProject
		{05D864ED-0A35-4AD3-9276-65A217240989} = {05D864ED-0A35-4AD3-9276-65A217240989}
	EndProjectSection
EndProject
Project("{8BC9CEB8-8B4A-11D0-8D11-00A0C91BC942}") = "lpngce", "libpng\lpngce.vcproj", "{E8023209-F12B-4823-B6A7-3B37FD226D7E}"
	ProjectSection(ProjectDependencies) = postProject
		{3E54B314-91BE-4E58-83F1-2706042C83F1} = {3E54B314-91BE-4E58-83F1-2706042C83F1}
	EndProjectSection
EndProject
Project("{8BC9CEB8-8B4A-11D0-8D11-00A0C91BC942}") = "rdmghost", "rdmghost\rdmghost.vcproj", "{932EE858-7E49-4ADC-81A8-8D205ED94342}"
	ProjectSection(ProjectDependencies) = postProject
		{EBCE4B7A-EA4C-464D-B276-8BCFC6E269BC} = {EBCE4B7A-EA4C-464D-B276-8BCFC6E269BC}
		{175A63A0-7FF2-4C2C-8847-2A1938F88B15} = {175A63A0-7FF2-4C2C-8847-2A1938F88B15}
	EndProjectSection
EndProject
Project("{8BC9CEB8-8B4A-11D0-8D11-00A0C91BC942}") = "setupdll", "setupdll\setupdll.vcproj", "{0AD57AA2-C34D-4541-A445-6B6A485D3948}"
EndProject
Project("{8BC9CEB8-8B4A-11D0-8D11-00A0C91BC942}") = "zlibce", "zlib\zlibce.vcproj", "{3E54B314-91BE-4E58-83F1-2706042C83F1}"
EndProject
Project("{8BC9CEB8-8B4A-11D0-8D11-00A0C91BC942}") = "Realtime", "Realtime\Realtime.vcproj", "{16651EE8-2AB9-4ECC-BEB0-5CD165779696}"
EndProject
Project("{8BC9CEB8-8B4A-11D0-8D11-00A0C91BC942}") = "SetupExt", "..\..\..\kit\SetupExt\SetupExt.vcproj", "{90E72200-2973-43BF-BF90-AC23F846FD30}"
EndProject
Global
	GlobalSection(SolutionConfigurationPlatforms) = preSolution
		Debug|Pocket PC 2003 (ARMV4) = Debug|Pocket PC 2003 (ARMV4)
		Debug|Smartphone 2003 (ARMV4) = Debug|Smartphone 2003 (ARMV4)
		Debug|Windows Mobile 5.0 Pocket PC SDK (ARMV4I) = Debug|Windows Mobile 5.0 Pocket PC SDK (ARMV4I)
		Debug|Windows Mobile 5.0 Smartphone SDK (ARMV4I) = Debug|Windows Mobile 5.0 Smartphone SDK (ARMV4I)
		Debug|Windows Mobile 6 Professional SDK (ARMV4I) = Debug|Windows Mobile 6 Professional SDK (ARMV4I)
		Profiler|Pocket PC 2003 (ARMV4) = Profiler|Pocket PC 2003 (ARMV4)
		Profiler|Smartphone 2003 (ARMV4) = Profiler|Smartphone 2003 (ARMV4)
		Profiler|Windows Mobile 5.0 Pocket PC SDK (ARMV4I) = Profiler|Windows Mobile 5.0 Pocket PC SDK (ARMV4I)
		Profiler|Windows Mobile 5.0 Smartphone SDK (ARMV4I) = Profiler|Windows Mobile 5.0 Smartphone SDK (ARMV4I)
		Profiler|Windows Mobile 6 Professional SDK (ARMV4I) = Profiler|Windows Mobile 6 Professional SDK (ARMV4I)
		Release|Pocket PC 2003 (ARMV4) = Release|Pocket PC 2003 (ARMV4)
		Release|Smartphone 2003 (ARMV4) = Release|Smartphone 2003 (ARMV4)
		Release|Windows Mobile 5.0 Pocket PC SDK (ARMV4I) = Release|Windows Mobile 5.0 Pocket PC SDK (ARMV4I)
		Release|Windows Mobile 5.0 Smartphone SDK (ARMV4I) = Release|Windows Mobile 5.0 Smartphone SDK (ARMV4I)
		Release|Windows Mobile 6 Professional SDK (ARMV4I) = Release|Windows Mobile 6 Professional SDK (ARMV4I)
	EndGlobalSection
	GlobalSection(ProjectConfigurationPlatforms) = postSolution
		{2A780112-E05B-46B9-86E2-0803CD234C69}.Debug|Pocket PC 2003 (ARMV4).ActiveCfg = Debug|Pocket PC 2003 (ARMV4)
		{2A780112-E05B-46B9-86E2-0803CD234C69}.Debug|Pocket PC 2003 (ARMV4).Build.0 = Debug|Pocket PC 2003 (ARMV4)
		{2A780112-E05B-46B9-86E2-0803CD234C69}.Debug|Pocket PC 2003 (ARMV4).Deploy.0 = Debug|Pocket PC 2003 (ARMV4)
		{2A780112-E05B-46B9-86E2-0803CD234C69}.Debug|Smartphone 2003 (ARMV4).ActiveCfg = Debug|Smartphone 2003 (ARMV4)
		{2A780112-E05B-46B9-86E2-0803CD234C69}.Debug|Smartphone 2003 (ARMV4).Build.0 = Debug|Smartphone 2003 (ARMV4)
		{2A780112-E05B-46B9-86E2-0803CD234C69}.Debug|Smartphone 2003 (ARMV4).Deploy.0 = Debug|Smartphone 2003 (ARMV4)
		{2A780112-E05B-46B9-86E2-0803CD234C69}.Debug|Windows Mobile 5.0 Pocket PC SDK (ARMV4I).ActiveCfg = Debug|Windows Mobile 5.0 Pocket PC SDK (ARMV4I)
		{2A780112-E05B-46B9-86E2-0803CD234C69}.Debug|Windows Mobile 5.0 Pocket PC SDK (ARMV4I).Build.0 = Debug|Windows Mobile 5.0 Pocket PC SDK (ARMV4I)
		{2A780112-E05B-46B9-86E2-0803CD234C69}.Debug|Windows Mobile 5.0 Pocket PC SDK (ARMV4I).Deploy.0 = Debug|Windows Mobile 5.0 Pocket PC SDK (ARMV4I)
		{2A780112-E05B-46B9-86E2-0803CD234C69}.Debug|Windows Mobile 5.0 Smartphone SDK (ARMV4I).ActiveCfg = Debug|Windows Mobile 5.0 Pocket PC SDK (ARMV4I)
		{2A780112-E05B-46B9-86E2-0803CD234C69}.Debug|Windows Mobile 6 Professional SDK (ARMV4I).ActiveCfg = Debug|Windows Mobile 6 Professional SDK (ARMV4I)
		{2A780112-E05B-46B9-86E2-0803CD234C69}.Debug|Windows Mobile 6 Professional SDK (ARMV4I).Build.0 = Debug|Windows Mobile 6 Professional SDK (ARMV4I)
		{2A780112-E05B-46B9-86E2-0803CD234C69}.Debug|Windows Mobile 6 Professional SDK (ARMV4I).Deploy.0 = Debug|Windows Mobile 6 Professional SDK (ARMV4I)
		{2A780112-E05B-46B9-86E2-0803CD234C69}.Profiler|Pocket PC 2003 (ARMV4).ActiveCfg = Profiler|Pocket PC 2003 (ARMV4)
		{2A780112-E05B-46B9-86E2-0803CD234C69}.Profiler|Pocket PC 2003 (ARMV4).Build.0 = Profiler|Pocket PC 2003 (ARMV4)
		{2A780112-E05B-46B9-86E2-0803CD234C69}.Profiler|Pocket PC 2003 (ARMV4).Deploy.0 = Profiler|Pocket PC 2003 (ARMV4)
		{2A780112-E05B-46B9-86E2-0803CD234C69}.Profiler|Smartphone 2003 (ARMV4).ActiveCfg = Profiler|Smartphone 2003 (ARMV4)
		{2A780112-E05B-46B9-86E2-0803CD234C69}.Profiler|Smartphone 2003 (ARMV4).Build.0 = Profiler|Smartphone 2003 (ARMV4)
		{2A780112-E05B-46B9-86E2-0803CD234C69}.Profiler|Smartphone 2003 (ARMV4).Deploy.0 = Profiler|Smartphone 2003 (ARMV4)
		{2A780112-E05B-46B9-86E2-0803CD234C69}.Profiler|Windows Mobile 5.0 Pocket PC SDK (ARMV4I).ActiveCfg = Profiler|Windows Mobile 5.0 Pocket PC SDK (ARMV4I)
		{2A780112-E05B-46B9-86E2-0803CD234C69}.Profiler|Windows Mobile 5.0 Pocket PC SDK (ARMV4I).Build.0 = Profiler|Windows Mobile 5.0 Pocket PC SDK (ARMV4I)
		{2A780112-E05B-46B9-86E2-0803CD234C69}.Profiler|Windows Mobile 5.0 Pocket PC SDK (ARMV4I).Deploy.0 = Profiler|Windows Mobile 5.0 Pocket PC SDK (ARMV4I)
		{2A780112-E05B-46B9-86E2-0803CD234C69}.Profiler|Windows Mobile 5.0 Smartphone SDK (ARMV4I).ActiveCfg = Profiler|Windows Mobile 5.0 Pocket PC SDK (ARMV4I)
		{2A780112-E05B-46B9-86E2-0803CD234C69}.Profiler|Windows Mobile 6 Professional SDK (ARMV4I).ActiveCfg = Profiler|Windows Mobile 6 Professional SDK (ARMV4I)
		{2A780112-E05B-46B9-86E2-0803CD234C69}.Profiler|Windows Mobile 6 Professional SDK (ARMV4I).Build.0 = Profiler|Windows Mobile 6 Professional SDK (ARMV4I)
		{2A780112-E05B-46B9-86E2-0803CD234C69}.Profiler|Windows Mobile 6 Professional SDK (ARMV4I).Deploy.0 = Profiler|Windows Mobile 6 Professional SDK (ARMV4I)
		{2A780112-E05B-46B9-86E2-0803CD234C69}.Release|Pocket PC 2003 (ARMV4).ActiveCfg = Release|Pocket PC 2003 (ARMV4)
		{2A780112-E05B-46B9-86E2-0803CD234C69}.Release|Pocket PC 2003 (ARMV4).Build.0 = Release|Pocket PC 2003 (ARMV4)
		{2A780112-E05B-46B9-86E2-0803CD234C69}.Release|Pocket PC 2003 (ARMV4).Deploy.0 = Release|Pocket PC 2003 (ARMV4)
		{2A780112-E05B-46B9-86E2-0803CD234C69}.Release|Smartphone 2003 (ARMV4).ActiveCfg = Release|Smartphone 2003 (ARMV4)
		{2A780112-E05B-46B9-86E2-0803CD234C69}.Release|Smartphone 2003 (ARMV4).Build.0 = Release|Smartphone 2003 (ARMV4)
		{2A780112-E05B-46B9-86E2-0803CD234C69}.Release|Smartphone 2003 (ARMV4).Deploy.0 = Release|Smartphone 2003 (ARMV4)
		{2A780112-E05B-46B9-86E2-0803CD234C69}.Release|Windows Mobile 5.0 Pocket PC SDK (ARMV4I).ActiveCfg = Release|Windows Mobile 5.0 Pocket PC SDK (ARMV4I)
		{2A780112-E05B-46B9-86E2-0803CD234C69}.Release|Windows Mobile 5.0 Pocket PC SDK (ARMV4I).Build.0 = Release|Windows Mobile 5.0 Pocket PC SDK (ARMV4I)
		{2A780112-E05B-46B9-86E2-0803CD234C69}.Release|Windows Mobile 5.0 Pocket PC SDK (ARMV4I).Deploy.0 = Release|Windows Mobile 5.0 Pocket PC SDK (ARMV4I)
		{2A780112-E05B-46B9-86E2-0803CD234C69}.Release|Windows Mobile 5.0 Smartphone SDK (ARMV4I).ActiveCfg = Release|Windows Mobile 5.0 Pocket PC SDK (ARMV4I)
		{2A780112-E05B-46B9-86E2-0803CD234C69}.Release|Windows Mobile 6 Professional SDK (ARMV4I).ActiveCfg = Release|Windows Mobile 6 Professional SDK (ARMV4I)
		{2A780112-E05B-46B9-86E2-0803CD234C69}.Release|Windows Mobile 6 Professional SDK (ARMV4I).Build.0 = Release|Windows Mobile 6 Professional SDK (ARMV4I)
		{2A780112-E05B-46B9-86E2-0803CD234C69}.Release|Windows Mobile 6 Professional SDK (ARMV4I).Deploy.0 = Release|Windows Mobile 6 Professional SDK (ARMV4I)
		{3A2619B7-9D2A-4218-BC2C-46139135E176}.Debug|Pocket PC 2003 (ARMV4).ActiveCfg = Debug|Pocket PC 2003 (ARMV4)
		{3A2619B7-9D2A-4218-BC2C-46139135E176}.Debug|Pocket PC 2003 (ARMV4).Build.0 = Debug|Pocket PC 2003 (ARMV4)
		{3A2619B7-9D2A-4218-BC2C-46139135E176}.Debug|Pocket PC 2003 (ARMV4).Deploy.0 = Debug|Pocket PC 2003 (ARMV4)
		{3A2619B7-9D2A-4218-BC2C-46139135E176}.Debug|Smartphone 2003 (ARMV4).ActiveCfg = Debug|Smartphone 2003 (ARMV4)
		{3A2619B7-9D2A-4218-BC2C-46139135E176}.Debug|Smartphone 2003 (ARMV4).Build.0 = Debug|Smartphone 2003 (ARMV4)
		{3A2619B7-9D2A-4218-BC2C-46139135E176}.Debug|Smartphone 2003 (ARMV4).Deploy.0 = Debug|Smartphone 2003 (ARMV4)
		{3A2619B7-9D2A-4218-BC2C-46139135E176}.Debug|Windows Mobile 5.0 Pocket PC SDK (ARMV4I).ActiveCfg = Debug|Windows Mobile 5.0 Pocket PC SDK (ARMV4I)
		{3A2619B7-9D2A-4218-BC2C-46139135E176}.Debug|Windows Mobile 5.0 Pocket PC SDK (ARMV4I).Build.0 = Debug|Windows Mobile 5.0 Pocket PC SDK (ARMV4I)
		{3A2619B7-9D2A-4218-BC2C-46139135E176}.Debug|Windows Mobile 5.0 Pocket PC SDK (ARMV4I).Deploy.0 = Debug|Windows Mobile 5.0 Pocket PC SDK (ARMV4I)
		{3A2619B7-9D2A-4218-BC2C-46139135E176}.Debug|Windows Mobile 5.0 Smartphone SDK (ARMV4I).ActiveCfg = Debug|Windows Mobile 5.0 Pocket PC SDK (ARMV4I)
		{3A2619B7-9D2A-4218-BC2C-46139135E176}.Debug|Windows Mobile 6 Professional SDK (ARMV4I).ActiveCfg = Debug|Windows Mobile 6 Professional SDK (ARMV4I)
		{3A2619B7-9D2A-4218-BC2C-46139135E176}.Debug|Windows Mobile 6 Professional SDK (ARMV4I).Build.0 = Debug|Windows Mobile 6 Professional SDK (ARMV4I)
		{3A2619B7-9D2A-4218-BC2C-46139135E176}.Debug|Windows Mobile 6 Professional SDK (ARMV4I).Deploy.0 = Debug|Windows Mobile 6 Professional SDK (ARMV4I)
		{3A2619B7-9D2A-4218-BC2C-46139135E176}.Profiler|Pocket PC 2003 (ARMV4).ActiveCfg = Release|Windows Mobile 5.0 Pocket PC SDK (ARMV4I)
		{3A2619B7-9D2A-4218-BC2C-46139135E176}.Profiler|Smartphone 2003 (ARMV4).ActiveCfg = Release|Windows Mobile 5.0 Pocket PC SDK (ARMV4I)
		{3A2619B7-9D2A-4218-BC2C-46139135E176}.Profiler|Windows Mobile 5.0 Pocket PC SDK (ARMV4I).ActiveCfg = Release|Windows Mobile 5.0 Pocket PC SDK (ARMV4I)
		{3A2619B7-9D2A-4218-BC2C-46139135E176}.Profiler|Windows Mobile 5.0 Pocket PC SDK (ARMV4I).Build.0 = Release|Windows Mobile 5.0 Pocket PC SDK (ARMV4I)
		{3A2619B7-9D2A-4218-BC2C-46139135E176}.Profiler|Windows Mobile 5.0 Pocket PC SDK (ARMV4I).Deploy.0 = Release|Windows Mobile 5.0 Pocket PC SDK (ARMV4I)
		{3A2619B7-9D2A-4218-BC2C-46139135E176}.Profiler|Windows Mobile 5.0 Smartphone SDK (ARMV4I).ActiveCfg = Release|Windows Mobile 6 Professional SDK (ARMV4I)
		{3A2619B7-9D2A-4218-BC2C-46139135E176}.Profiler|Windows Mobile 6 Professional SDK (ARMV4I).ActiveCfg = Release|Windows Mobile 6 Professional SDK (ARMV4I)
		{3A2619B7-9D2A-4218-BC2C-46139135E176}.Profiler|Windows Mobile 6 Professional SDK (ARMV4I).Build.0 = Release|Windows Mobile 6 Professional SDK (ARMV4I)
		{3A2619B7-9D2A-4218-BC2C-46139135E176}.Profiler|Windows Mobile 6 Professional SDK (ARMV4I).Deploy.0 = Release|Windows Mobile 6 Professional SDK (ARMV4I)
		{3A2619B7-9D2A-4218-BC2C-46139135E176}.Release|Pocket PC 2003 (ARMV4).ActiveCfg = Release|Pocket PC 2003 (ARMV4)
		{3A2619B7-9D2A-4218-BC2C-46139135E176}.Release|Pocket PC 2003 (ARMV4).Build.0 = Release|Pocket PC 2003 (ARMV4)
		{3A2619B7-9D2A-4218-BC2C-46139135E176}.Release|Pocket PC 2003 (ARMV4).Deploy.0 = Release|Pocket PC 2003 (ARMV4)
		{3A2619B7-9D2A-4218-BC2C-46139135E176}.Release|Smartphone 2003 (ARMV4).ActiveCfg = Release|Smartphone 2003 (ARMV4)
		{3A2619B7-9D2A-4218-BC2C-46139135E176}.Release|Smartphone 2003 (ARMV4).Build.0 = Release|Smartphone 2003 (ARMV4)
		{3A2619B7-9D2A-4218-BC2C-46139135E176}.Release|Smartphone 2003 (ARMV4).Deploy.0 = Release|Smartphone 2003 (ARMV4)
		{3A2619B7-9D2A-4218-BC2C-46139135E176}.Release|Windows Mobile 5.0 Pocket PC SDK (ARMV4I).ActiveCfg = Release|Windows Mobile 5.0 Pocket PC SDK (ARMV4I)
		{3A2619B7-9D2A-4218-BC2C-46139135E176}.Release|Windows Mobile 5.0 Pocket PC SDK (ARMV4I).Build.0 = Release|Windows Mobile 5.0 Pocket PC SDK (ARMV4I)
		{3A2619B7-9D2A-4218-BC2C-46139135E176}.Release|Windows Mobile 5.0 Pocket PC SDK (ARMV4I).Deploy.0 = Release|Windows Mobile 5.0 Pocket PC SDK (ARMV4I)
		{3A2619B7-9D2A-4218-BC2C-46139135E176}.Release|Windows Mobile 5.0 Smartphone SDK (ARMV4I).ActiveCfg = Release|Windows Mobile 5.0 Pocket PC SDK (ARMV4I)
		{3A2619B7-9D2A-4218-BC2C-46139135E176}.Release|Windows Mobile 6 Professional SDK (ARMV4I).ActiveCfg = Release|Windows Mobile 6 Professional SDK (ARMV4I)
		{3A2619B7-9D2A-4218-BC2C-46139135E176}.Release|Windows Mobile 6 Professional SDK (ARMV4I).Build.0 = Release|Windows Mobile 6 Professional SDK (ARMV4I)
		{3A2619B7-9D2A-4218-BC2C-46139135E176}.Release|Windows Mobile 6 Professional SDK (ARMV4I).Deploy.0 = Release|Windows Mobile 6 Professional SDK (ARMV4I)
		{92CFEF1D-A7AD-4F2A-B646-9DB6E44D1DA6}.Debug|Pocket PC 2003 (ARMV4).ActiveCfg = Debug|Pocket PC 2003 (ARMV4)
		{92CFEF1D-A7AD-4F2A-B646-9DB6E44D1DA6}.Debug|Pocket PC 2003 (ARMV4).Build.0 = Debug|Pocket PC 2003 (ARMV4)
		{92CFEF1D-A7AD-4F2A-B646-9DB6E44D1DA6}.Debug|Pocket PC 2003 (ARMV4).Deploy.0 = Debug|Pocket PC 2003 (ARMV4)
		{92CFEF1D-A7AD-4F2A-B646-9DB6E44D1DA6}.Debug|Smartphone 2003 (ARMV4).ActiveCfg = Debug|Smartphone 2003 (ARMV4)
		{92CFEF1D-A7AD-4F2A-B646-9DB6E44D1DA6}.Debug|Smartphone 2003 (ARMV4).Build.0 = Debug|Smartphone 2003 (ARMV4)
		{92CFEF1D-A7AD-4F2A-B646-9DB6E44D1DA6}.Debug|Smartphone 2003 (ARMV4).Deploy.0 = Debug|Smartphone 2003 (ARMV4)
		{92CFEF1D-A7AD-4F2A-B646-9DB6E44D1DA6}.Debug|Windows Mobile 5.0 Pocket PC SDK (ARMV4I).ActiveCfg = Debug|Windows Mobile 5.0 Pocket PC SDK (ARMV4I)
		{92CFEF1D-A7AD-4F2A-B646-9DB6E44D1DA6}.Debug|Windows Mobile 5.0 Pocket PC SDK (ARMV4I).Build.0 = Debug|Windows Mobile 5.0 Pocket PC SDK (ARMV4I)
		{92CFEF1D-A7AD-4F2A-B646-9DB6E44D1DA6}.Debug|Windows Mobile 5.0 Pocket PC SDK (ARMV4I).Deploy.0 = Debug|Windows Mobile 5.0 Pocket PC SDK (ARMV4I)
		{92CFEF1D-A7AD-4F2A-B646-9DB6E44D1DA6}.Debug|Windows Mobile 5.0 Smartphone SDK (ARMV4I).ActiveCfg = Debug|Windows Mobile 5.0 Pocket PC SDK (ARMV4I)
		{92CFEF1D-A7AD-4F2A-B646-9DB6E44D1DA6}.Debug|Windows Mobile 6 Professional SDK (ARMV4I).ActiveCfg = Debug|Windows Mobile 5.0 Pocket PC SDK (ARMV4I)
		{92CFEF1D-A7AD-4F2A-B646-9DB6E44D1DA6}.Profiler|Pocket PC 2003 (ARMV4).ActiveCfg = Profiler|Pocket PC 2003 (ARMV4)
		{92CFEF1D-A7AD-4F2A-B646-9DB6E44D1DA6}.Profiler|Pocket PC 2003 (ARMV4).Build.0 = Profiler|Pocket PC 2003 (ARMV4)
		{92CFEF1D-A7AD-4F2A-B646-9DB6E44D1DA6}.Profiler|Pocket PC 2003 (ARMV4).Deploy.0 = Profiler|Pocket PC 2003 (ARMV4)
		{92CFEF1D-A7AD-4F2A-B646-9DB6E44D1DA6}.Profiler|Smartphone 2003 (ARMV4).ActiveCfg = Profiler|Smartphone 2003 (ARMV4)
		{92CFEF1D-A7AD-4F2A-B646-9DB6E44D1DA6}.Profiler|Smartphone 2003 (ARMV4).Build.0 = Profiler|Smartphone 2003 (ARMV4)
		{92CFEF1D-A7AD-4F2A-B646-9DB6E44D1DA6}.Profiler|Smartphone 2003 (ARMV4).Deploy.0 = Profiler|Smartphone 2003 (ARMV4)
		{92CFEF1D-A7AD-4F2A-B646-9DB6E44D1DA6}.Profiler|Windows Mobile 5.0 Pocket PC SDK (ARMV4I).ActiveCfg = Profiler|Windows Mobile 5.0 Pocket PC SDK (ARMV4I)
		{92CFEF1D-A7AD-4F2A-B646-9DB6E44D1DA6}.Profiler|Windows Mobile 5.0 Pocket PC SDK (ARMV4I).Build.0 = Profiler|Windows Mobile 5.0 Pocket PC SDK (ARMV4I)
		{92CFEF1D-A7AD-4F2A-B646-9DB6E44D1DA6}.Profiler|Windows Mobile 5.0 Pocket PC SDK (ARMV4I).Deploy.0 = Profiler|Windows Mobile 5.0 Pocket PC SDK (ARMV4I)
		{92CFEF1D-A7AD-4F2A-B646-9DB6E44D1DA6}.Profiler|Windows Mobile 5.0 Smartphone SDK (ARMV4I).ActiveCfg = Profiler|Windows Mobile 5.0 Pocket PC SDK (ARMV4I)
		{92CFEF1D-A7AD-4F2A-B646-9DB6E44D1DA6}.Profiler|Windows Mobile 6 Professional SDK (ARMV4I).ActiveCfg = Profiler|Windows Mobile 5.0 Pocket PC SDK (ARMV4I)
		{92CFEF1D-A7AD-4F2A-B646-9DB6E44D1DA6}.Release|Pocket PC 2003 (ARMV4).ActiveCfg = Release|Pocket PC 2003 (ARMV4)
		{92CFEF1D-A7AD-4F2A-B646-9DB6E44D1DA6}.Release|Pocket PC 2003 (ARMV4).Build.0 = Release|Pocket PC 2003 (ARMV4)
		{92CFEF1D-A7AD-4F2A-B646-9DB6E44D1DA6}.Release|Pocket PC 2003 (ARMV4).Deploy.0 = Release|Pocket PC 2003 (ARMV4)
		{92CFEF1D-A7AD-4F2A-B646-9DB6E44D1DA6}.Release|Smartphone 2003 (ARMV4).ActiveCfg = Release|Smartphone 2003 (ARMV4)
		{92CFEF1D-A7AD-4F2A-B646-9DB6E44D1DA6}.Release|Smartphone 2003 (ARMV4).Build.0 = Release|Smartphone 2003 (ARMV4)
		{92CFEF1D-A7AD-4F2A-B646-9DB6E44D1DA6}.Release|Smartphone 2003 (ARMV4).Deploy.0 = Release|Smartphone 2003 (ARMV4)
		{92CFEF1D-A7AD-4F2A-B646-9DB6E44D1DA6}.Release|Windows Mobile 5.0 Pocket PC SDK (ARMV4I).ActiveCfg = Release|Windows Mobile 5.0 Pocket PC SDK (ARMV4I)
		{92CFEF1D-A7AD-4F2A-B646-9DB6E44D1DA6}.Release|Windows Mobile 5.0 Pocket PC SDK (ARMV4I).Build.0 = Release|Windows Mobile 5.0 Pocket PC SDK (ARMV4I)
		{92CFEF1D-A7AD-4F2A-B646-9DB6E44D1DA6}.Release|Windows Mobile 5.0 Pocket PC SDK (ARMV4I).Deploy.0 = Release|Windows Mobile 5.0 Pocket PC SDK (ARMV4I)
		{92CFEF1D-A7AD-4F2A-B646-9DB6E44D1DA6}.Release|Windows Mobile 5.0 Smartphone SDK (ARMV4I).ActiveCfg = Release|Windows Mobile 5.0 Pocket PC SDK (ARMV4I)
		{92CFEF1D-A7AD-4F2A-B646-9DB6E44D1DA6}.Release|Windows Mobile 6 Professional SDK (ARMV4I).ActiveCfg = Release|Windows Mobile 5.0 Pocket PC SDK (ARMV4I)
		{05D864ED-0A35-4AD3-9276-65A217240989}.Debug|Pocket PC 2003 (ARMV4).ActiveCfg = Debug|Pocket PC 2003 (ARMV4)
		{05D864ED-0A35-4AD3-9276-65A217240989}.Debug|Pocket PC 2003 (ARMV4).Build.0 = Debug|Pocket PC 2003 (ARMV4)
		{05D864ED-0A35-4AD3-9276-65A217240989}.Debug|Pocket PC 2003 (ARMV4).Deploy.0 = Debug|Pocket PC 2003 (ARMV4)
		{05D864ED-0A35-4AD3-9276-65A217240989}.Debug|Smartphone 2003 (ARMV4).ActiveCfg = Debug|Smartphone 2003 (ARMV4)
		{05D864ED-0A35-4AD3-9276-65A217240989}.Debug|Smartphone 2003 (ARMV4).Build.0 = Debug|Smartphone 2003 (ARMV4)
		{05D864ED-0A35-4AD3-9276-65A217240989}.Debug|Smartphone 2003 (ARMV4).Deploy.0 = Debug|Smartphone 2003 (ARMV4)
		{05D864ED-0A35-4AD3-9276-65A217240989}.Debug|Windows Mobile 5.0 Pocket PC SDK (ARMV4I).ActiveCfg = Debug|Windows Mobile 5.0 Pocket PC SDK (ARMV4I)
		{05D864ED-0A35-4AD3-9276-65A217240989}.Debug|Windows Mobile 5.0 Pocket PC SDK (ARMV4I).Build.0 = Debug|Windows Mobile 5.0 Pocket PC SDK (ARMV4I)
		{05D864ED-0A35-4AD3-9276-65A217240989}.Debug|Windows Mobile 5.0 Pocket PC SDK (ARMV4I).Deploy.0 = Debug|Windows Mobile 5.0 Pocket PC SDK (ARMV4I)
		{05D864ED-0A35-4AD3-9276-65A217240989}.Debug|Windows Mobile 5.0 Smartphone SDK (ARMV4I).ActiveCfg = Debug|Windows Mobile 5.0 Pocket PC SDK (ARMV4I)
		{05D864ED-0A35-4AD3-9276-65A217240989}.Debug|Windows Mobile 6 Professional SDK (ARMV4I).ActiveCfg = Debug|Windows Mobile 5.0 Pocket PC SDK (ARMV4I)
		{05D864ED-0A35-4AD3-9276-65A217240989}.Profiler|Pocket PC 2003 (ARMV4).ActiveCfg = Profiler|Pocket PC 2003 (ARMV4)
		{05D864ED-0A35-4AD3-9276-65A217240989}.Profiler|Pocket PC 2003 (ARMV4).Build.0 = Profiler|Pocket PC 2003 (ARMV4)
		{05D864ED-0A35-4AD3-9276-65A217240989}.Profiler|Pocket PC 2003 (ARMV4).Deploy.0 = Profiler|Pocket PC 2003 (ARMV4)
		{05D864ED-0A35-4AD3-9276-65A217240989}.Profiler|Smartphone 2003 (ARMV4).ActiveCfg = Profiler|Smartphone 2003 (ARMV4)
		{05D864ED-0A35-4AD3-9276-65A217240989}.Profiler|Smartphone 2003 (ARMV4).Build.0 = Profiler|Smartphone 2003 (ARMV4)
		{05D864ED-0A35-4AD3-9276-65A217240989}.Profiler|Smartphone 2003 (ARMV4).Deploy.0 = Profiler|Smartphone 2003 (ARMV4)
		{05D864ED-0A35-4AD3-9276-65A217240989}.Profiler|Windows Mobile 5.0 Pocket PC SDK (ARMV4I).ActiveCfg = Profiler|Windows Mobile 5.0 Pocket PC SDK (ARMV4I)
		{05D864ED-0A35-4AD3-9276-65A217240989}.Profiler|Windows Mobile 5.0 Pocket PC SDK (ARMV4I).Build.0 = Profiler|Windows Mobile 5.0 Pocket PC SDK (ARMV4I)
		{05D864ED-0A35-4AD3-9276-65A217240989}.Profiler|Windows Mobile 5.0 Pocket PC SDK (ARMV4I).Deploy.0 = Profiler|Windows Mobile 5.0 Pocket PC SDK (ARMV4I)
		{05D864ED-0A35-4AD3-9276-65A217240989}.Profiler|Windows Mobile 5.0 Smartphone SDK (ARMV4I).ActiveCfg = Profiler|Windows Mobile 5.0 Pocket PC SDK (ARMV4I)
		{05D864ED-0A35-4AD3-9276-65A217240989}.Profiler|Windows Mobile 6 Professional SDK (ARMV4I).ActiveCfg = Profiler|Windows Mobile 5.0 Pocket PC SDK (ARMV4I)
		{05D864ED-0A35-4AD3-9276-65A217240989}.Release|Pocket PC 2003 (ARMV4).ActiveCfg = Release|Pocket PC 2003 (ARMV4)
		{05D864ED-0A35-4AD3-9276-65A217240989}.Release|Pocket PC 2003 (ARMV4).Build.0 = Release|Pocket PC 2003 (ARMV4)
		{05D864ED-0A35-4AD3-9276-65A217240989}.Release|Pocket PC 2003 (ARMV4).Deploy.0 = Release|Pocket PC 2003 (ARMV4)
		{05D864ED-0A35-4AD3-9276-65A217240989}.Release|Smartphone 2003 (ARMV4).ActiveCfg = Release|Smartphone 2003 (ARMV4)
		{05D864ED-0A35-4AD3-9276-65A217240989}.Release|Smartphone 2003 (ARMV4).Build.0 = Release|Smartphone 2003 (ARMV4)
		{05D864ED-0A35-4AD3-9276-65A217240989}.Release|Smartphone 2003 (ARMV4).Deploy.0 = Release|Smartphone 2003 (ARMV4)
		{05D864ED-0A35-4AD3-9276-65A217240989}.Release|Windows Mobile 5.0 Pocket PC SDK (ARMV4I).ActiveCfg = Release|Windows Mobile 5.0 Pocket PC SDK (ARMV4I)
		{05D864ED-0A35-4AD3-9276-65A217240989}.Release|Windows Mobile 5.0 Pocket PC SDK (ARMV4I).Build.0 = Release|Windows Mobile 5.0 Pocket PC SDK (ARMV4I)
		{05D864ED-0A35-4AD3-9276-65A217240989}.Release|Windows Mobile 5.0 Pocket PC SDK (ARMV4I).Deploy.0 = Release|Windows Mobile 5.0 Pocket PC SDK (ARMV4I)
		{05D864ED-0A35-4AD3-9276-65A217240989}.Release|Windows Mobile 5.0 Smartphone SDK (ARMV4I).ActiveCfg = Release|Windows Mobile 5.0 Pocket PC SDK (ARMV4I)
		{05D864ED-0A35-4AD3-9276-65A217240989}.Release|Windows Mobile 6 Professional SDK (ARMV4I).ActiveCfg = Release|Windows Mobile 5.0 Pocket PC SDK (ARMV4I)
		{0A5071F5-2EEC-4843-85FE-D60EFC4756C6}.Debug|Pocket PC 2003 (ARMV4).ActiveCfg = Debug|Pocket PC 2003 (ARMV4)
		{0A5071F5-2EEC-4843-85FE-D60EFC4756C6}.Debug|Pocket PC 2003 (ARMV4).Build.0 = Debug|Pocket PC 2003 (ARMV4)
		{0A5071F5-2EEC-4843-85FE-D60EFC4756C6}.Debug|Pocket PC 2003 (ARMV4).Deploy.0 = Debug|Pocket PC 2003 (ARMV4)
		{0A5071F5-2EEC-4843-85FE-D60EFC4756C6}.Debug|Smartphone 2003 (ARMV4).ActiveCfg = Debug|Smartphone 2003 (ARMV4)
		{0A5071F5-2EEC-4843-85FE-D60EFC4756C6}.Debug|Smartphone 2003 (ARMV4).Build.0 = Debug|Smartphone 2003 (ARMV4)
		{0A5071F5-2EEC-4843-85FE-D60EFC4756C6}.Debug|Smartphone 2003 (ARMV4).Deploy.0 = Debug|Smartphone 2003 (ARMV4)
		{0A5071F5-2EEC-4843-85FE-D60EFC4756C6}.Debug|Windows Mobile 5.0 Pocket PC SDK (ARMV4I).ActiveCfg = Debug|Windows Mobile 5.0 Pocket PC SDK (ARMV4I)
		{0A5071F5-2EEC-4843-85FE-D60EFC4756C6}.Debug|Windows Mobile 5.0 Pocket PC SDK (ARMV4I).Build.0 = Debug|Windows Mobile 5.0 Pocket PC SDK (ARMV4I)
		{0A5071F5-2EEC-4843-85FE-D60EFC4756C6}.Debug|Windows Mobile 5.0 Pocket PC SDK (ARMV4I).Deploy.0 = Debug|Windows Mobile 5.0 Pocket PC SDK (ARMV4I)
		{0A5071F5-2EEC-4843-85FE-D60EFC4756C6}.Debug|Windows Mobile 5.0 Smartphone SDK (ARMV4I).ActiveCfg = Debug|Windows Mobile 5.0 Pocket PC SDK (ARMV4I)
		{0A5071F5-2EEC-4843-85FE-D60EFC4756C6}.Debug|Windows Mobile 6 Professional SDK (ARMV4I).ActiveCfg = Debug|Windows Mobile 6 Professional SDK (ARMV4I)
		{0A5071F5-2EEC-4843-85FE-D60EFC4756C6}.Debug|Windows Mobile 6 Professional SDK (ARMV4I).Build.0 = Debug|Windows Mobile 6 Professional SDK (ARMV4I)
		{0A5071F5-2EEC-4843-85FE-D60EFC4756C6}.Debug|Windows Mobile 6 Professional SDK (ARMV4I).Deploy.0 = Debug|Windows Mobile 6 Professional SDK (ARMV4I)
		{0A5071F5-2EEC-4843-85FE-D60EFC4756C6}.Profiler|Pocket PC 2003 (ARMV4).ActiveCfg = Profiler|Pocket PC 2003 (ARMV4)
		{0A5071F5-2EEC-4843-85FE-D60EFC4756C6}.Profiler|Pocket PC 2003 (ARMV4).Build.0 = Profiler|Pocket PC 2003 (ARMV4)
		{0A5071F5-2EEC-4843-85FE-D60EFC4756C6}.Profiler|Pocket PC 2003 (ARMV4).Deploy.0 = Profiler|Pocket PC 2003 (ARMV4)
		{0A5071F5-2EEC-4843-85FE-D60EFC4756C6}.Profiler|Smartphone 2003 (ARMV4).ActiveCfg = Profiler|Smartphone 2003 (ARMV4)
		{0A5071F5-2EEC-4843-85FE-D60EFC4756C6}.Profiler|Smartphone 2003 (ARMV4).Build.0 = Profiler|Smartphone 2003 (ARMV4)
		{0A5071F5-2EEC-4843-85FE-D60EFC4756C6}.Profiler|Smartphone 2003 (ARMV4).Deploy.0 = Profiler|Smartphone 2003 (ARMV4)
		{0A5071F5-2EEC-4843-85FE-D60EFC4756C6}.Profiler|Windows Mobile 5.0 Pocket PC SDK (ARMV4I).ActiveCfg = Profiler|Windows Mobile 5.0 Pocket PC SDK (ARMV4I)
		{0A5071F5-2EEC-4843-85FE-D60EFC4756C6}.Profiler|Windows Mobile 5.0 Pocket PC SDK (ARMV4I).Build.0 = Profiler|Windows Mobile 5.0 Pocket PC SDK (ARMV4I)
		{0A5071F5-2EEC-4843-85FE-D60EFC4756C6}.Profiler|Windows Mobile 5.0 Pocket PC SDK (ARMV4I).Deploy.0 = Profiler|Windows Mobile 5.0 Pocket PC SDK (ARMV4I)
		{0A5071F5-2EEC-4843-85FE-D60EFC4756C6}.Profiler|Windows Mobile 5.0 Smartphone SDK (ARMV4I).ActiveCfg = Profiler|Windows Mobile 5.0 Pocket PC SDK (ARMV4I)
		{0A5071F5-2EEC-4843-85FE-D60EFC4756C6}.Profiler|Windows Mobile 6 Professional SDK (ARMV4I).ActiveCfg = Profiler|Windows Mobile 6 Professional SDK (ARMV4I)
		{0A5071F5-2EEC-4843-85FE-D60EFC4756C6}.Profiler|Windows Mobile 6 Professional SDK (ARMV4I).Build.0 = Profiler|Windows Mobile 6 Professional SDK (ARMV4I)
		{0A5071F5-2EEC-4843-85FE-D60EFC4756C6}.Profiler|Windows Mobile 6 Professional SDK (ARMV4I).Deploy.0 = Profiler|Windows Mobile 6 Professional SDK (ARMV4I)
		{0A5071F5-2EEC-4843-85FE-D60EFC4756C6}.Release|Pocket PC 2003 (ARMV4).ActiveCfg = Release|Pocket PC 2003 (ARMV4)
		{0A5071F5-2EEC-4843-85FE-D60EFC4756C6}.Release|Pocket PC 2003 (ARMV4).Build.0 = Release|Pocket PC 2003 (ARMV4)
		{0A5071F5-2EEC-4843-85FE-D60EFC4756C6}.Release|Pocket PC 2003 (ARMV4).Deploy.0 = Release|Pocket PC 2003 (ARMV4)
		{0A5071F5-2EEC-4843-85FE-D60EFC4756C6}.Release|Smartphone 2003 (ARMV4).ActiveCfg = Release|Smartphone 2003 (ARMV4)
		{0A5071F5-2EEC-4843-85FE-D60EFC4756C6}.Release|Smartphone 2003 (ARMV4).Build.0 = Release|Smartphone 2003 (ARMV4)
		{0A5071F5-2EEC-4843-85FE-D60EFC4756C6}.Release|Smartphone 2003 (ARMV4).Deploy.0 = Release|Smartphone 2003 (ARMV4)
		{0A5071F5-2EEC-4843-85FE-D60EFC4756C6}.Release|Windows Mobile 5.0 Pocket PC SDK (ARMV4I).ActiveCfg = Release|Windows Mobile 5.0 Pocket PC SDK (ARMV4I)
		{0A5071F5-2EEC-4843-85FE-D60EFC4756C6}.Release|Windows Mobile 5.0 Pocket PC SDK (ARMV4I).Build.0 = Release|Windows Mobile 5.0 Pocket PC SDK (ARMV4I)
		{0A5071F5-2EEC-4843-85FE-D60EFC4756C6}.Release|Windows Mobile 5.0 Pocket PC SDK (ARMV4I).Deploy.0 = Release|Windows Mobile 5.0 Pocket PC SDK (ARMV4I)
		{0A5071F5-2EEC-4843-85FE-D60EFC4756C6}.Release|Windows Mobile 5.0 Smartphone SDK (ARMV4I).ActiveCfg = Release|Windows Mobile 5.0 Pocket PC SDK (ARMV4I)
		{0A5071F5-2EEC-4843-85FE-D60EFC4756C6}.Release|Windows Mobile 6 Professional SDK (ARMV4I).ActiveCfg = Release|Windows Mobile 6 Professional SDK (ARMV4I)
		{0A5071F5-2EEC-4843-85FE-D60EFC4756C6}.Release|Windows Mobile 6 Professional SDK (ARMV4I).Build.0 = Release|Windows Mobile 6 Professional SDK (ARMV4I)
		{0A5071F5-2EEC-4843-85FE-D60EFC4756C6}.Release|Windows Mobile 6 Professional SDK (ARMV4I).Deploy.0 = Release|Windows Mobile 6 Professional SDK (ARMV4I)
		{40191A51-742F-4FC8-8C69-415A841C3DAE}.Debug|Pocket PC 2003 (ARMV4).ActiveCfg = Debug|Pocket PC 2003 (ARMV4)
		{40191A51-742F-4FC8-8C69-415A841C3DAE}.Debug|Pocket PC 2003 (ARMV4).Build.0 = Debug|Pocket PC 2003 (ARMV4)
		{40191A51-742F-4FC8-8C69-415A841C3DAE}.Debug|Pocket PC 2003 (ARMV4).Deploy.0 = Debug|Pocket PC 2003 (ARMV4)
		{40191A51-742F-4FC8-8C69-415A841C3DAE}.Debug|Smartphone 2003 (ARMV4).ActiveCfg = Debug|Smartphone 2003 (ARMV4)
		{40191A51-742F-4FC8-8C69-415A841C3DAE}.Debug|Smartphone 2003 (ARMV4).Build.0 = Debug|Smartphone 2003 (ARMV4)
		{40191A51-742F-4FC8-8C69-415A841C3DAE}.Debug|Smartphone 2003 (ARMV4).Deploy.0 = Debug|Smartphone 2003 (ARMV4)
		{40191A51-742F-4FC8-8C69-415A841C3DAE}.Debug|Windows Mobile 5.0 Pocket PC SDK (ARMV4I).ActiveCfg = Debug|Windows Mobile 5.0 Pocket PC SDK (ARMV4I)
		{40191A51-742F-4FC8-8C69-415A841C3DAE}.Debug|Windows Mobile 5.0 Pocket PC SDK (ARMV4I).Build.0 = Debug|Windows Mobile 5.0 Pocket PC SDK (ARMV4I)
		{40191A51-742F-4FC8-8C69-415A841C3DAE}.Debug|Windows Mobile 5.0 Pocket PC SDK (ARMV4I).Deploy.0 = Debug|Windows Mobile 5.0 Pocket PC SDK (ARMV4I)
		{40191A51-742F-4FC8-8C69-415A841C3DAE}.Debug|Windows Mobile 5.0 Smartphone SDK (ARMV4I).ActiveCfg = Debug|Windows Mobile 5.0 Pocket PC SDK (ARMV4I)
		{40191A51-742F-4FC8-8C69-415A841C3DAE}.Debug|Windows Mobile 6 Professional SDK (ARMV4I).ActiveCfg = Debug|Windows Mobile 6 Professional SDK (ARMV4I)
		{40191A51-742F-4FC8-8C69-415A841C3DAE}.Debug|Windows Mobile 6 Professional SDK (ARMV4I).Build.0 = Debug|Windows Mobile 6 Professional SDK (ARMV4I)
		{40191A51-742F-4FC8-8C69-415A841C3DAE}.Debug|Windows Mobile 6 Professional SDK (ARMV4I).Deploy.0 = Debug|Windows Mobile 6 Professional SDK (ARMV4I)
		{40191A51-742F-4FC8-8C69-415A841C3DAE}.Profiler|Pocket PC 2003 (ARMV4).ActiveCfg = Profiler|Pocket PC 2003 (ARMV4)
		{40191A51-742F-4FC8-8C69-415A841C3DAE}.Profiler|Pocket PC 2003 (ARMV4).Build.0 = Profiler|Pocket PC 2003 (ARMV4)
		{40191A51-742F-4FC8-8C69-415A841C3DAE}.Profiler|Pocket PC 2003 (ARMV4).Deploy.0 = Profiler|Pocket PC 2003 (ARMV4)
		{40191A51-742F-4FC8-8C69-415A841C3DAE}.Profiler|Smartphone 2003 (ARMV4).ActiveCfg = Profiler|Smartphone 2003 (ARMV4)
		{40191A51-742F-4FC8-8C69-415A841C3DAE}.Profiler|Smartphone 2003 (ARMV4).Build.0 = Profiler|Smartphone 2003 (ARMV4)
		{40191A51-742F-4FC8-8C69-415A841C3DAE}.Profiler|Smartphone 2003 (ARMV4).Deploy.0 = Profiler|Smartphone 2003 (ARMV4)
		{40191A51-742F-4FC8-8C69-415A841C3DAE}.Profiler|Windows Mobile 5.0 Pocket PC SDK (ARMV4I).ActiveCfg = Profiler|Windows Mobile 5.0 Pocket PC SDK (ARMV4I)
		{40191A51-742F-4FC8-8C69-415A841C3DAE}.Profiler|Windows Mobile 5.0 Pocket PC SDK (ARMV4I).Build.0 = Profiler|Windows Mobile 5.0 Pocket PC SDK (ARMV4I)
		{40191A51-742F-4FC8-8C69-415A841C3DAE}.Profiler|Windows Mobile 5.0 Pocket PC SDK (ARMV4I).Deploy.0 = Profiler|Windows Mobile 5.0 Pocket PC SDK (ARMV4I)
		{40191A51-742F-4FC8-8C69-415A841C3DAE}.Profiler|Windows Mobile 5.0 Smartphone SDK (ARMV4I).ActiveCfg = Profiler|Windows Mobile 5.0 Pocket PC SDK (ARMV4I)
		{40191A51-742F-4FC8-8C69-415A841C3DAE}.Profiler|Windows Mobile 6 Professional SDK (ARMV4I).ActiveCfg = Profiler|Windows Mobile 6 Professional SDK (ARMV4I)
		{40191A51-742F-4FC8-8C69-415A841C3DAE}.Profiler|Windows Mobile 6 Professional SDK (ARMV4I).Build.0 = Profiler|Windows Mobile 6 Professional SDK (ARMV4I)
		{40191A51-742F-4FC8-8C69-415A841C3DAE}.Profiler|Windows Mobile 6 Professional SDK (ARMV4I).Deploy.0 = Profiler|Windows Mobile 6 Professional SDK (ARMV4I)
		{40191A51-742F-4FC8-8C69-415A841C3DAE}.Release|Pocket PC 2003 (ARMV4).ActiveCfg = Release|Pocket PC 2003 (ARMV4)
		{40191A51-742F-4FC8-8C69-415A841C3DAE}.Release|Pocket PC 2003 (ARMV4).Build.0 = Release|Pocket PC 2003 (ARMV4)
		{40191A51-742F-4FC8-8C69-415A841C3DAE}.Release|Pocket PC 2003 (ARMV4).Deploy.0 = Release|Pocket PC 2003 (ARMV4)
		{40191A51-742F-4FC8-8C69-415A841C3DAE}.Release|Smartphone 2003 (ARMV4).ActiveCfg = Release|Smartphone 2003 (ARMV4)
		{40191A51-742F-4FC8-8C69-415A841C3DAE}.Release|Smartphone 2003 (ARMV4).Build.0 = Release|Smartphone 2003 (ARMV4)
		{40191A51-742F-4FC8-8C69-415A841C3DAE}.Release|Smartphone 2003 (ARMV4).Deploy.0 = Release|Smartphone 2003 (ARMV4)
		{40191A51-742F-4FC8-8C69-415A841C3DAE}.Release|Windows Mobile 5.0 Pocket PC SDK (ARMV4I).ActiveCfg = Release|Windows Mobile 5.0 Pocket PC SDK (ARMV4I)
		{40191A51-742F-4FC8-8C69-415A841C3DAE}.Release|Windows Mobile 5.0 Pocket PC SDK (ARMV4I).Build.0 = Release|Windows Mobile 5.0 Pocket PC SDK (ARMV4I)
		{40191A51-742F-4FC8-8C69-415A841C3DAE}.Release|Windows Mobile 5.0 Pocket PC SDK (ARMV4I).Deploy.0 = Release|Windows Mobile 5.0 Pocket PC SDK (ARMV4I)
		{40191A51-742F-4FC8-8C69-415A841C3DAE}.Release|Windows Mobile 5.0 Smartphone SDK (ARMV4I).ActiveCfg = Release|Windows Mobile 5.0 Pocket PC SDK (ARMV4I)
		{40191A51-742F-4FC8-8C69-415A841C3DAE}.Release|Windows Mobile 6 Professional SDK (ARMV4I).ActiveCfg = Release|Windows Mobile 6 Professional SDK (ARMV4I)
		{40191A51-742F-4FC8-8C69-415A841C3DAE}.Release|Windows Mobile 6 Professional SDK (ARMV4I).Build.0 = Release|Windows Mobile 6 Professional SDK (ARMV4I)
		{40191A51-742F-4FC8-8C69-415A841C3DAE}.Release|Windows Mobile 6 Professional SDK (ARMV4I).Deploy.0 = Release|Windows Mobile 6 Professional SDK (ARMV4I)
		{CB841A3D-AB61-4EF4-B27A-B52AAA3DFC0C}.Debug|Pocket PC 2003 (ARMV4).ActiveCfg = Debug|Pocket PC 2003 (ARMV4)
		{CB841A3D-AB61-4EF4-B27A-B52AAA3DFC0C}.Debug|Pocket PC 2003 (ARMV4).Build.0 = Debug|Pocket PC 2003 (ARMV4)
		{CB841A3D-AB61-4EF4-B27A-B52AAA3DFC0C}.Debug|Pocket PC 2003 (ARMV4).Deploy.0 = Debug|Pocket PC 2003 (ARMV4)
		{CB841A3D-AB61-4EF4-B27A-B52AAA3DFC0C}.Debug|Smartphone 2003 (ARMV4).ActiveCfg = Debug|Smartphone 2003 (ARMV4)
		{CB841A3D-AB61-4EF4-B27A-B52AAA3DFC0C}.Debug|Smartphone 2003 (ARMV4).Build.0 = Debug|Smartphone 2003 (ARMV4)
		{CB841A3D-AB61-4EF4-B27A-B52AAA3DFC0C}.Debug|Smartphone 2003 (ARMV4).Deploy.0 = Debug|Smartphone 2003 (ARMV4)
		{CB841A3D-AB61-4EF4-B27A-B52AAA3DFC0C}.Debug|Windows Mobile 5.0 Pocket PC SDK (ARMV4I).ActiveCfg = Debug|Windows Mobile 5.0 Pocket PC SDK (ARMV4I)
		{CB841A3D-AB61-4EF4-B27A-B52AAA3DFC0C}.Debug|Windows Mobile 5.0 Pocket PC SDK (ARMV4I).Build.0 = Debug|Windows Mobile 5.0 Pocket PC SDK (ARMV4I)
		{CB841A3D-AB61-4EF4-B27A-B52AAA3DFC0C}.Debug|Windows Mobile 5.0 Pocket PC SDK (ARMV4I).Deploy.0 = Debug|Windows Mobile 5.0 Pocket PC SDK (ARMV4I)
		{CB841A3D-AB61-4EF4-B27A-B52AAA3DFC0C}.Debug|Windows Mobile 5.0 Smartphone SDK (ARMV4I).ActiveCfg = Debug|Windows Mobile 5.0 Pocket PC SDK (ARMV4I)
		{CB841A3D-AB61-4EF4-B27A-B52AAA3DFC0C}.Debug|Windows Mobile 6 Professional SDK (ARMV4I).ActiveCfg = Debug|Windows Mobile 6 Professional SDK (ARMV4I)
		{CB841A3D-AB61-4EF4-B27A-B52AAA3DFC0C}.Debug|Windows Mobile 6 Professional SDK (ARMV4I).Build.0 = Debug|Windows Mobile 6 Professional SDK (ARMV4I)
		{CB841A3D-AB61-4EF4-B27A-B52AAA3DFC0C}.Debug|Windows Mobile 6 Professional SDK (ARMV4I).Deploy.0 = Debug|Windows Mobile 6 Professional SDK (ARMV4I)
		{CB841A3D-AB61-4EF4-B27A-B52AAA3DFC0C}.Profiler|Pocket PC 2003 (ARMV4).ActiveCfg = Profiler|Pocket PC 2003 (ARMV4)
		{CB841A3D-AB61-4EF4-B27A-B52AAA3DFC0C}.Profiler|Pocket PC 2003 (ARMV4).Build.0 = Profiler|Pocket PC 2003 (ARMV4)
		{CB841A3D-AB61-4EF4-B27A-B52AAA3DFC0C}.Profiler|Pocket PC 2003 (ARMV4).Deploy.0 = Profiler|Pocket PC 2003 (ARMV4)
		{CB841A3D-AB61-4EF4-B27A-B52AAA3DFC0C}.Profiler|Smartphone 2003 (ARMV4).ActiveCfg = Profiler|Smartphone 2003 (ARMV4)
		{CB841A3D-AB61-4EF4-B27A-B52AAA3DFC0C}.Profiler|Smartphone 2003 (ARMV4).Build.0 = Profiler|Smartphone 2003 (ARMV4)
		{CB841A3D-AB61-4EF4-B27A-B52AAA3DFC0C}.Profiler|Smartphone 2003 (ARMV4).Deploy.0 = Profiler|Smartphone 2003 (ARMV4)
		{CB841A3D-AB61-4EF4-B27A-B52AAA3DFC0C}.Profiler|Windows Mobile 5.0 Pocket PC SDK (ARMV4I).ActiveCfg = Profiler|Windows Mobile 5.0 Pocket PC SDK (ARMV4I)
		{CB841A3D-AB61-4EF4-B27A-B52AAA3DFC0C}.Profiler|Windows Mobile 5.0 Pocket PC SDK (ARMV4I).Build.0 = Profiler|Windows Mobile 5.0 Pocket PC SDK (ARMV4I)
		{CB841A3D-AB61-4EF4-B27A-B52AAA3DFC0C}.Profiler|Windows Mobile 5.0 Pocket PC SDK (ARMV4I).Deploy.0 = Profiler|Windows Mobile 5.0 Pocket PC SDK (ARMV4I)
		{CB841A3D-AB61-4EF4-B27A-B52AAA3DFC0C}.Profiler|Windows Mobile 5.0 Smartphone SDK (ARMV4I).ActiveCfg = Profiler|Windows Mobile 5.0 Pocket PC SDK (ARMV4I)
		{CB841A3D-AB61-4EF4-B27A-B52AAA3DFC0C}.Profiler|Windows Mobile 6 Professional SDK (ARMV4I).ActiveCfg = Profiler|Windows Mobile 6 Professional SDK (ARMV4I)
		{CB841A3D-AB61-4EF4-B27A-B52AAA3DFC0C}.Profiler|Windows Mobile 6 Professional SDK (ARMV4I).Build.0 = Profiler|Windows Mobile 6 Professional SDK (ARMV4I)
		{CB841A3D-AB61-4EF4-B27A-B52AAA3DFC0C}.Profiler|Windows Mobile 6 Professional SDK (ARMV4I).Deploy.0 = Profiler|Windows Mobile 6 Professional SDK (ARMV4I)
		{CB841A3D-AB61-4EF4-B27A-B52AAA3DFC0C}.Release|Pocket PC 2003 (ARMV4).ActiveCfg = Release|Pocket PC 2003 (ARMV4)
		{CB841A3D-AB61-4EF4-B27A-B52AAA3DFC0C}.Release|Pocket PC 2003 (ARMV4).Build.0 = Release|Pocket PC 2003 (ARMV4)
		{CB841A3D-AB61-4EF4-B27A-B52AAA3DFC0C}.Release|Pocket PC 2003 (ARMV4).Deploy.0 = Release|Pocket PC 2003 (ARMV4)
		{CB841A3D-AB61-4EF4-B27A-B52AAA3DFC0C}.Release|Smartphone 2003 (ARMV4).ActiveCfg = Release|Smartphone 2003 (ARMV4)
		{CB841A3D-AB61-4EF4-B27A-B52AAA3DFC0C}.Release|Smartphone 2003 (ARMV4).Build.0 = Release|Smartphone 2003 (ARMV4)
		{CB841A3D-AB61-4EF4-B27A-B52AAA3DFC0C}.Release|Smartphone 2003 (ARMV4).Deploy.0 = Release|Smartphone 2003 (ARMV4)
		{CB841A3D-AB61-4EF4-B27A-B52AAA3DFC0C}.Release|Windows Mobile 5.0 Pocket PC SDK (ARMV4I).ActiveCfg = Release|Windows Mobile 5.0 Pocket PC SDK (ARMV4I)
		{CB841A3D-AB61-4EF4-B27A-B52AAA3DFC0C}.Release|Windows Mobile 5.0 Pocket PC SDK (ARMV4I).Build.0 = Release|Windows Mobile 5.0 Pocket PC SDK (ARMV4I)
		{CB841A3D-AB61-4EF4-B27A-B52AAA3DFC0C}.Release|Windows Mobile 5.0 Pocket PC SDK (ARMV4I).Deploy.0 = Release|Windows Mobile 5.0 Pocket PC SDK (ARMV4I)
		{CB841A3D-AB61-4EF4-B27A-B52AAA3DFC0C}.Release|Windows Mobile 5.0 Smartphone SDK (ARMV4I).ActiveCfg = Release|Windows Mobile 5.0 Pocket PC SDK (ARMV4I)
		{CB841A3D-AB61-4EF4-B27A-B52AAA3DFC0C}.Release|Windows Mobile 6 Professional SDK (ARMV4I).ActiveCfg = Release|Windows Mobile 6 Professional SDK (ARMV4I)
		{CB841A3D-AB61-4EF4-B27A-B52AAA3DFC0C}.Release|Windows Mobile 6 Professional SDK (ARMV4I).Build.0 = Release|Windows Mobile 6 Professional SDK (ARMV4I)
		{CB841A3D-AB61-4EF4-B27A-B52AAA3DFC0C}.Release|Windows Mobile 6 Professional SDK (ARMV4I).Deploy.0 = Release|Windows Mobile 6 Professional SDK (ARMV4I)
		{E03F1BF0-A79D-4DF7-971C-1B3F4362C481}.Debug|Pocket PC 2003 (ARMV4).ActiveCfg = Debug|Pocket PC 2003 (ARMV4)
		{E03F1BF0-A79D-4DF7-971C-1B3F4362C481}.Debug|Pocket PC 2003 (ARMV4).Build.0 = Debug|Pocket PC 2003 (ARMV4)
		{E03F1BF0-A79D-4DF7-971C-1B3F4362C481}.Debug|Pocket PC 2003 (ARMV4).Deploy.0 = Debug|Pocket PC 2003 (ARMV4)
		{E03F1BF0-A79D-4DF7-971C-1B3F4362C481}.Debug|Smartphone 2003 (ARMV4).ActiveCfg = Debug|Smartphone 2003 (ARMV4)
		{E03F1BF0-A79D-4DF7-971C-1B3F4362C481}.Debug|Smartphone 2003 (ARMV4).Build.0 = Debug|Smartphone 2003 (ARMV4)
		{E03F1BF0-A79D-4DF7-971C-1B3F4362C481}.Debug|Smartphone 2003 (ARMV4).Deploy.0 = Debug|Smartphone 2003 (ARMV4)
		{E03F1BF0-A79D-4DF7-971C-1B3F4362C481}.Debug|Windows Mobile 5.0 Pocket PC SDK (ARMV4I).ActiveCfg = Debug|Windows Mobile 5.0 Pocket PC SDK (ARMV4I)
		{E03F1BF0-A79D-4DF7-971C-1B3F4362C481}.Debug|Windows Mobile 5.0 Pocket PC SDK (ARMV4I).Build.0 = Debug|Windows Mobile 5.0 Pocket PC SDK (ARMV4I)
		{E03F1BF0-A79D-4DF7-971C-1B3F4362C481}.Debug|Windows Mobile 5.0 Pocket PC SDK (ARMV4I).Deploy.0 = Debug|Windows Mobile 5.0 Pocket PC SDK (ARMV4I)
		{E03F1BF0-A79D-4DF7-971C-1B3F4362C481}.Debug|Windows Mobile 5.0 Smartphone SDK (ARMV4I).ActiveCfg = Debug|Windows Mobile 5.0 Pocket PC SDK (ARMV4I)
		{E03F1BF0-A79D-4DF7-971C-1B3F4362C481}.Debug|Windows Mobile 6 Professional SDK (ARMV4I).ActiveCfg = Debug|Windows Mobile 6 Professional SDK (ARMV4I)
		{E03F1BF0-A79D-4DF7-971C-1B3F4362C481}.Debug|Windows Mobile 6 Professional SDK (ARMV4I).Build.0 = Debug|Windows Mobile 6 Professional SDK (ARMV4I)
		{E03F1BF0-A79D-4DF7-971C-1B3F4362C481}.Debug|Windows Mobile 6 Professional SDK (ARMV4I).Deploy.0 = Debug|Windows Mobile 6 Professional SDK (ARMV4I)
		{E03F1BF0-A79D-4DF7-971C-1B3F4362C481}.Profiler|Pocket PC 2003 (ARMV4).ActiveCfg = Profiler|Pocket PC 2003 (ARMV4)
		{E03F1BF0-A79D-4DF7-971C-1B3F4362C481}.Profiler|Pocket PC 2003 (ARMV4).Build.0 = Profiler|Pocket PC 2003 (ARMV4)
		{E03F1BF0-A79D-4DF7-971C-1B3F4362C481}.Profiler|Pocket PC 2003 (ARMV4).Deploy.0 = Profiler|Pocket PC 2003 (ARMV4)
		{E03F1BF0-A79D-4DF7-971C-1B3F4362C481}.Profiler|Smartphone 2003 (ARMV4).ActiveCfg = Profiler|Smartphone 2003 (ARMV4)
		{E03F1BF0-A79D-4DF7-971C-1B3F4362C481}.Profiler|Smartphone 2003 (ARMV4).Build.0 = Profiler|Smartphone 2003 (ARMV4)
		{E03F1BF0-A79D-4DF7-971C-1B3F4362C481}.Profiler|Smartphone 2003 (ARMV4).Deploy.0 = Profiler|Smartphone 2003 (ARMV4)
		{E03F1BF0-A79D-4DF7-971C-1B3F4362C481}.Profiler|Windows Mobile 5.0 Pocket PC SDK (ARMV4I).ActiveCfg = Profiler|Windows Mobile 5.0 Pocket PC SDK (ARMV4I)
		{E03F1BF0-A79D-4DF7-971C-1B3F4362C481}.Profiler|Windows Mobile 5.0 Pocket PC SDK (ARMV4I).Build.0 = Profiler|Windows Mobile 5.0 Pocket PC SDK (ARMV4I)
		{E03F1BF0-A79D-4DF7-971C-1B3F4362C481}.Profiler|Windows Mobile 5.0 Pocket PC SDK (ARMV4I).Deploy.0 = Profiler|Windows Mobile 5.0 Pocket PC SDK (ARMV4I)
		{E03F1BF0-A79D-4DF7-971C-1B3F4362C481}.Profiler|Windows Mobile 5.0 Smartphone SDK (ARMV4I).ActiveCfg = Profiler|Windows Mobile 5.0 Pocket PC SDK (ARMV4I)
		{E03F1BF0-A79D-4DF7-971C-1B3F4362C481}.Profiler|Windows Mobile 6 Professional SDK (ARMV4I).ActiveCfg = Profiler|Windows Mobile 6 Professional SDK (ARMV4I)
		{E03F1BF0-A79D-4DF7-971C-1B3F4362C481}.Profiler|Windows Mobile 6 Professional SDK (ARMV4I).Build.0 = Profiler|Windows Mobile 6 Professional SDK (ARMV4I)
		{E03F1BF0-A79D-4DF7-971C-1B3F4362C481}.Profiler|Windows Mobile 6 Professional SDK (ARMV4I).Deploy.0 = Profiler|Windows Mobile 6 Professional SDK (ARMV4I)
		{E03F1BF0-A79D-4DF7-971C-1B3F4362C481}.Release|Pocket PC 2003 (ARMV4).ActiveCfg = Release|Pocket PC 2003 (ARMV4)
		{E03F1BF0-A79D-4DF7-971C-1B3F4362C481}.Release|Pocket PC 2003 (ARMV4).Build.0 = Release|Pocket PC 2003 (ARMV4)
		{E03F1BF0-A79D-4DF7-971C-1B3F4362C481}.Release|Pocket PC 2003 (ARMV4).Deploy.0 = Release|Pocket PC 2003 (ARMV4)
		{E03F1BF0-A79D-4DF7-971C-1B3F4362C481}.Release|Smartphone 2003 (ARMV4).ActiveCfg = Release|Smartphone 2003 (ARMV4)
		{E03F1BF0-A79D-4DF7-971C-1B3F4362C481}.Release|Smartphone 2003 (ARMV4).Build.0 = Release|Smartphone 2003 (ARMV4)
		{E03F1BF0-A79D-4DF7-971C-1B3F4362C481}.Release|Smartphone 2003 (ARMV4).Deploy.0 = Release|Smartphone 2003 (ARMV4)
		{E03F1BF0-A79D-4DF7-971C-1B3F4362C481}.Release|Windows Mobile 5.0 Pocket PC SDK (ARMV4I).ActiveCfg = Release|Windows Mobile 5.0 Pocket PC SDK (ARMV4I)
		{E03F1BF0-A79D-4DF7-971C-1B3F4362C481}.Release|Windows Mobile 5.0 Pocket PC SDK (ARMV4I).Build.0 = Release|Windows Mobile 5.0 Pocket PC SDK (ARMV4I)
		{E03F1BF0-A79D-4DF7-971C-1B3F4362C481}.Release|Windows Mobile 5.0 Pocket PC SDK (ARMV4I).Deploy.0 = Release|Windows Mobile 5.0 Pocket PC SDK (ARMV4I)
		{E03F1BF0-A79D-4DF7-971C-1B3F4362C481}.Release|Windows Mobile 5.0 Smartphone SDK (ARMV4I).ActiveCfg = Release|Windows Mobile 5.0 Pocket PC SDK (ARMV4I)
		{E03F1BF0-A79D-4DF7-971C-1B3F4362C481}.Release|Windows Mobile 6 Professional SDK (ARMV4I).ActiveCfg = Release|Windows Mobile 6 Professional SDK (ARMV4I)
		{E03F1BF0-A79D-4DF7-971C-1B3F4362C481}.Release|Windows Mobile 6 Professional SDK (ARMV4I).Build.0 = Release|Windows Mobile 6 Professional SDK (ARMV4I)
		{E03F1BF0-A79D-4DF7-971C-1B3F4362C481}.Release|Windows Mobile 6 Professional SDK (ARMV4I).Deploy.0 = Release|Windows Mobile 6 Professional SDK (ARMV4I)
		{EBCE4B7A-EA4C-464D-B276-8BCFC6E269BC}.Debug|Pocket PC 2003 (ARMV4).ActiveCfg = Debug|Pocket PC 2003 (ARMV4)
		{EBCE4B7A-EA4C-464D-B276-8BCFC6E269BC}.Debug|Pocket PC 2003 (ARMV4).Build.0 = Debug|Pocket PC 2003 (ARMV4)
		{EBCE4B7A-EA4C-464D-B276-8BCFC6E269BC}.Debug|Pocket PC 2003 (ARMV4).Deploy.0 = Debug|Pocket PC 2003 (ARMV4)
		{EBCE4B7A-EA4C-464D-B276-8BCFC6E269BC}.Debug|Smartphone 2003 (ARMV4).ActiveCfg = Debug|Smartphone 2003 (ARMV4)
		{EBCE4B7A-EA4C-464D-B276-8BCFC6E269BC}.Debug|Smartphone 2003 (ARMV4).Build.0 = Debug|Smartphone 2003 (ARMV4)
		{EBCE4B7A-EA4C-464D-B276-8BCFC6E269BC}.Debug|Smartphone 2003 (ARMV4).Deploy.0 = Debug|Smartphone 2003 (ARMV4)
		{EBCE4B7A-EA4C-464D-B276-8BCFC6E269BC}.Debug|Windows Mobile 5.0 Pocket PC SDK (ARMV4I).ActiveCfg = Debug|Windows Mobile 5.0 Pocket PC SDK (ARMV4I)
		{EBCE4B7A-EA4C-464D-B276-8BCFC6E269BC}.Debug|Windows Mobile 5.0 Pocket PC SDK (ARMV4I).Build.0 = Debug|Windows Mobile 5.0 Pocket PC SDK (ARMV4I)
		{EBCE4B7A-EA4C-464D-B276-8BCFC6E269BC}.Debug|Windows Mobile 5.0 Pocket PC SDK (ARMV4I).Deploy.0 = Debug|Windows Mobile 5.0 Pocket PC SDK (ARMV4I)
		{EBCE4B7A-EA4C-464D-B276-8BCFC6E269BC}.Debug|Windows Mobile 5.0 Smartphone SDK (ARMV4I).ActiveCfg = Debug|Windows Mobile 5.0 Pocket PC SDK (ARMV4I)
		{EBCE4B7A-EA4C-464D-B276-8BCFC6E269BC}.Debug|Windows Mobile 6 Professional SDK (ARMV4I).ActiveCfg = Debug|Windows Mobile 6 Professional SDK (ARMV4I)
		{EBCE4B7A-EA4C-464D-B276-8BCFC6E269BC}.Debug|Windows Mobile 6 Professional SDK (ARMV4I).Build.0 = Debug|Windows Mobile 6 Professional SDK (ARMV4I)
		{EBCE4B7A-EA4C-464D-B276-8BCFC6E269BC}.Debug|Windows Mobile 6 Professional SDK (ARMV4I).Deploy.0 = Debug|Windows Mobile 6 Professional SDK (ARMV4I)
		{EBCE4B7A-EA4C-464D-B276-8BCFC6E269BC}.Profiler|Pocket PC 2003 (ARMV4).ActiveCfg = Profiler|Pocket PC 2003 (ARMV4)
		{EBCE4B7A-EA4C-464D-B276-8BCFC6E269BC}.Profiler|Pocket PC 2003 (ARMV4).Build.0 = Profiler|Pocket PC 2003 (ARMV4)
		{EBCE4B7A-EA4C-464D-B276-8BCFC6E269BC}.Profiler|Pocket PC 2003 (ARMV4).Deploy.0 = Profiler|Pocket PC 2003 (ARMV4)
		{EBCE4B7A-EA4C-464D-B276-8BCFC6E269BC}.Profiler|Smartphone 2003 (ARMV4).ActiveCfg = Profiler|Smartphone 2003 (ARMV4)
		{EBCE4B7A-EA4C-464D-B276-8BCFC6E269BC}.Profiler|Smartphone 2003 (ARMV4).Build.0 = Profiler|Smartphone 2003 (ARMV4)
		{EBCE4B7A-EA4C-464D-B276-8BCFC6E269BC}.Profiler|Smartphone 2003 (ARMV4).Deploy.0 = Profiler|Smartphone 2003 (ARMV4)
		{EBCE4B7A-EA4C-464D-B276-8BCFC6E269BC}.Profiler|Windows Mobile 5.0 Pocket PC SDK (ARMV4I).ActiveCfg = Profiler|Windows Mobile 5.0 Pocket PC SDK (ARMV4I)
		{EBCE4B7A-EA4C-464D-B276-8BCFC6E269BC}.Profiler|Windows Mobile 5.0 Pocket PC SDK (ARMV4I).Build.0 = Profiler|Windows Mobile 5.0 Pocket PC SDK (ARMV4I)
		{EBCE4B7A-EA4C-464D-B276-8BCFC6E269BC}.Profiler|Windows Mobile 5.0 Pocket PC SDK (ARMV4I).Deploy.0 = Profiler|Windows Mobile 5.0 Pocket PC SDK (ARMV4I)
		{EBCE4B7A-EA4C-464D-B276-8BCFC6E269BC}.Profiler|Windows Mobile 5.0 Smartphone SDK (ARMV4I).ActiveCfg = Profiler|Windows Mobile 5.0 Pocket PC SDK (ARMV4I)
		{EBCE4B7A-EA4C-464D-B276-8BCFC6E269BC}.Profiler|Windows Mobile 6 Professional SDK (ARMV4I).ActiveCfg = Profiler|Windows Mobile 6 Professional SDK (ARMV4I)
		{EBCE4B7A-EA4C-464D-B276-8BCFC6E269BC}.Profiler|Windows Mobile 6 Professional SDK (ARMV4I).Build.0 = Profiler|Windows Mobile 6 Professional SDK (ARMV4I)
		{EBCE4B7A-EA4C-464D-B276-8BCFC6E269BC}.Profiler|Windows Mobile 6 Professional SDK (ARMV4I).Deploy.0 = Profiler|Windows Mobile 6 Professional SDK (ARMV4I)
		{EBCE4B7A-EA4C-464D-B276-8BCFC6E269BC}.Release|Pocket PC 2003 (ARMV4).ActiveCfg = Release|Pocket PC 2003 (ARMV4)
		{EBCE4B7A-EA4C-464D-B276-8BCFC6E269BC}.Release|Pocket PC 2003 (ARMV4).Build.0 = Release|Pocket PC 2003 (ARMV4)
		{EBCE4B7A-EA4C-464D-B276-8BCFC6E269BC}.Release|Pocket PC 2003 (ARMV4).Deploy.0 = Release|Pocket PC 2003 (ARMV4)
		{EBCE4B7A-EA4C-464D-B276-8BCFC6E269BC}.Release|Smartphone 2003 (ARMV4).ActiveCfg = Release|Smartphone 2003 (ARMV4)
		{EBCE4B7A-EA4C-464D-B276-8BCFC6E269BC}.Release|Smartphone 2003 (ARMV4).Build.0 = Release|Smartphone 2003 (ARMV4)
		{EBCE4B7A-EA4C-464D-B276-8BCFC6E269BC}.Release|Smartphone 2003 (ARMV4).Deploy.0 = Release|Smartphone 2003 (ARMV4)
		{EBCE4B7A-EA4C-464D-B276-8BCFC6E269BC}.Release|Windows Mobile 5.0 Pocket PC SDK (ARMV4I).ActiveCfg = Release|Windows Mobile 5.0 Pocket PC SDK (ARMV4I)
		{EBCE4B7A-EA4C-464D-B276-8BCFC6E269BC}.Release|Windows Mobile 5.0 Pocket PC SDK (ARMV4I).Build.0 = Release|Windows Mobile 5.0 Pocket PC SDK (ARMV4I)
		{EBCE4B7A-EA4C-464D-B276-8BCFC6E269BC}.Release|Windows Mobile 5.0 Pocket PC SDK (ARMV4I).Deploy.0 = Release|Windows Mobile 5.0 Pocket PC SDK (ARMV4I)
		{EBCE4B7A-EA4C-464D-B276-8BCFC6E269BC}.Release|Windows Mobile 5.0 Smartphone SDK (ARMV4I).ActiveCfg = Release|Windows Mobile 5.0 Pocket PC SDK (ARMV4I)
		{EBCE4B7A-EA4C-464D-B276-8BCFC6E269BC}.Release|Windows Mobile 6 Professional SDK (ARMV4I).ActiveCfg = Release|Windows Mobile 6 Professional SDK (ARMV4I)
		{EBCE4B7A-EA4C-464D-B276-8BCFC6E269BC}.Release|Windows Mobile 6 Professional SDK (ARMV4I).Build.0 = Release|Windows Mobile 6 Professional SDK (ARMV4I)
		{EBCE4B7A-EA4C-464D-B276-8BCFC6E269BC}.Release|Windows Mobile 6 Professional SDK (ARMV4I).Deploy.0 = Release|Windows Mobile 6 Professional SDK (ARMV4I)
		{175A63A0-7FF2-4C2C-8847-2A1938F88B15}.Debug|Pocket PC 2003 (ARMV4).ActiveCfg = Debug|Pocket PC 2003 (ARMV4)
		{175A63A0-7FF2-4C2C-8847-2A1938F88B15}.Debug|Pocket PC 2003 (ARMV4).Build.0 = Debug|Pocket PC 2003 (ARMV4)
		{175A63A0-7FF2-4C2C-8847-2A1938F88B15}.Debug|Pocket PC 2003 (ARMV4).Deploy.0 = Debug|Pocket PC 2003 (ARMV4)
		{175A63A0-7FF2-4C2C-8847-2A1938F88B15}.Debug|Smartphone 2003 (ARMV4).ActiveCfg = Debug|Smartphone 2003 (ARMV4)
		{175A63A0-7FF2-4C2C-8847-2A1938F88B15}.Debug|Smartphone 2003 (ARMV4).Build.0 = Debug|Smartphone 2003 (ARMV4)
		{175A63A0-7FF2-4C2C-8847-2A1938F88B15}.Debug|Smartphone 2003 (ARMV4).Deploy.0 = Debug|Smartphone 2003 (ARMV4)
		{175A63A0-7FF2-4C2C-8847-2A1938F88B15}.Debug|Windows Mobile 5.0 Pocket PC SDK (ARMV4I).ActiveCfg = Debug|Windows Mobile 5.0 Pocket PC SDK (ARMV4I)
		{175A63A0-7FF2-4C2C-8847-2A1938F88B15}.Debug|Windows Mobile 5.0 Pocket PC SDK (ARMV4I).Build.0 = Debug|Windows Mobile 5.0 Pocket PC SDK (ARMV4I)
		{175A63A0-7FF2-4C2C-8847-2A1938F88B15}.Debug|Windows Mobile 5.0 Pocket PC SDK (ARMV4I).Deploy.0 = Debug|Windows Mobile 5.0 Pocket PC SDK (ARMV4I)
		{175A63A0-7FF2-4C2C-8847-2A1938F88B15}.Debug|Windows Mobile 5.0 Smartphone SDK (ARMV4I).ActiveCfg = Debug|Windows Mobile 5.0 Pocket PC SDK (ARMV4I)
		{175A63A0-7FF2-4C2C-8847-2A1938F88B15}.Debug|Windows Mobile 6 Professional SDK (ARMV4I).ActiveCfg = Debug|Windows Mobile 6 Professional SDK (ARMV4I)
		{175A63A0-7FF2-4C2C-8847-2A1938F88B15}.Debug|Windows Mobile 6 Professional SDK (ARMV4I).Build.0 = Debug|Windows Mobile 6 Professional SDK (ARMV4I)
		{175A63A0-7FF2-4C2C-8847-2A1938F88B15}.Debug|Windows Mobile 6 Professional SDK (ARMV4I).Deploy.0 = Debug|Windows Mobile 6 Professional SDK (ARMV4I)
		{175A63A0-7FF2-4C2C-8847-2A1938F88B15}.Profiler|Pocket PC 2003 (ARMV4).ActiveCfg = Profiler|Pocket PC 2003 (ARMV4)
		{175A63A0-7FF2-4C2C-8847-2A1938F88B15}.Profiler|Pocket PC 2003 (ARMV4).Build.0 = Profiler|Pocket PC 2003 (ARMV4)
		{175A63A0-7FF2-4C2C-8847-2A1938F88B15}.Profiler|Pocket PC 2003 (ARMV4).Deploy.0 = Profiler|Pocket PC 2003 (ARMV4)
		{175A63A0-7FF2-4C2C-8847-2A1938F88B15}.Profiler|Smartphone 2003 (ARMV4).ActiveCfg = Profiler|Smartphone 2003 (ARMV4)
		{175A63A0-7FF2-4C2C-8847-2A1938F88B15}.Profiler|Smartphone 2003 (ARMV4).Build.0 = Profiler|Smartphone 2003 (ARMV4)
		{175A63A0-7FF2-4C2C-8847-2A1938F88B15}.Profiler|Smartphone 2003 (ARMV4).Deploy.0 = Profiler|Smartphone 2003 (ARMV4)
		{175A63A0-7FF2-4C2C-8847-2A1938F88B15}.Profiler|Windows Mobile 5.0 Pocket PC SDK (ARMV4I).ActiveCfg = Profiler|Windows Mobile 5.0 Pocket PC SDK (ARMV4I)
		{175A63A0-7FF2-4C2C-8847-2A1938F88B15}.Profiler|Windows Mobile 5.0 Pocket PC SDK (ARMV4I).Build.0 = Profiler|Windows Mobile 5.0 Pocket PC SDK (ARMV4I)
		{175A63A0-7FF2-4C2C-8847-2A1938F88B15}.Profiler|Windows Mobile 5.0 Pocket PC SDK (ARMV4I).Deploy.0 = Profiler|Windows Mobile 5.0 Pocket PC SDK (ARMV4I)
		{175A63A0-7FF2-4C2C-8847-2A1938F88B15}.Profiler|Windows Mobile 5.0 Smartphone SDK (ARMV4I).ActiveCfg = Profiler|Windows Mobile 5.0 Pocket PC SDK (ARMV4I)
		{175A63A0-7FF2-4C2C-8847-2A1938F88B15}.Profiler|Windows Mobile 6 Professional SDK (ARMV4I).ActiveCfg = Profiler|Windows Mobile 6 Professional SDK (ARMV4I)
		{175A63A0-7FF2-4C2C-8847-2A1938F88B15}.Profiler|Windows Mobile 6 Professional SDK (ARMV4I).Build.0 = Profiler|Windows Mobile 6 Professional SDK (ARMV4I)
		{175A63A0-7FF2-4C2C-8847-2A1938F88B15}.Profiler|Windows Mobile 6 Professional SDK (ARMV4I).Deploy.0 = Profiler|Windows Mobile 6 Professional SDK (ARMV4I)
		{175A63A0-7FF2-4C2C-8847-2A1938F88B15}.Release|Pocket PC 2003 (ARMV4).ActiveCfg = Release|Pocket PC 2003 (ARMV4)
		{175A63A0-7FF2-4C2C-8847-2A1938F88B15}.Release|Pocket PC 2003 (ARMV4).Build.0 = Release|Pocket PC 2003 (ARMV4)
		{175A63A0-7FF2-4C2C-8847-2A1938F88B15}.Release|Pocket PC 2003 (ARMV4).Deploy.0 = Release|Pocket PC 2003 (ARMV4)
		{175A63A0-7FF2-4C2C-8847-2A1938F88B15}.Release|Smartphone 2003 (ARMV4).ActiveCfg = Release|Smartphone 2003 (ARMV4)
		{175A63A0-7FF2-4C2C-8847-2A1938F88B15}.Release|Smartphone 2003 (ARMV4).Build.0 = Release|Smartphone 2003 (ARMV4)
		{175A63A0-7FF2-4C2C-8847-2A1938F88B15}.Release|Smartphone 2003 (ARMV4).Deploy.0 = Release|Smartphone 2003 (ARMV4)
		{175A63A0-7FF2-4C2C-8847-2A1938F88B15}.Release|Windows Mobile 5.0 Pocket PC SDK (ARMV4I).ActiveCfg = Release|Windows Mobile 5.0 Pocket PC SDK (ARMV4I)
		{175A63A0-7FF2-4C2C-8847-2A1938F88B15}.Release|Windows Mobile 5.0 Pocket PC SDK (ARMV4I).Build.0 = Release|Windows Mobile 5.0 Pocket PC SDK (ARMV4I)
		{175A63A0-7FF2-4C2C-8847-2A1938F88B15}.Release|Windows Mobile 5.0 Pocket PC SDK (ARMV4I).Deploy.0 = Release|Windows Mobile 5.0 Pocket PC SDK (ARMV4I)
		{175A63A0-7FF2-4C2C-8847-2A1938F88B15}.Release|Windows Mobile 5.0 Smartphone SDK (ARMV4I).ActiveCfg = Release|Windows Mobile 5.0 Pocket PC SDK (ARMV4I)
		{175A63A0-7FF2-4C2C-8847-2A1938F88B15}.Release|Windows Mobile 6 Professional SDK (ARMV4I).ActiveCfg = Release|Windows Mobile 6 Professional SDK (ARMV4I)
		{175A63A0-7FF2-4C2C-8847-2A1938F88B15}.Release|Windows Mobile 6 Professional SDK (ARMV4I).Build.0 = Release|Windows Mobile 6 Professional SDK (ARMV4I)
		{175A63A0-7FF2-4C2C-8847-2A1938F88B15}.Release|Windows Mobile 6 Professional SDK (ARMV4I).Deploy.0 = Release|Windows Mobile 6 Professional SDK (ARMV4I)
		{0380E491-F4BA-45EE-AB2F-EF22F09EA9AD}.Debug|Pocket PC 2003 (ARMV4).ActiveCfg = Debug|Pocket PC 2003 (ARMV4)
		{0380E491-F4BA-45EE-AB2F-EF22F09EA9AD}.Debug|Pocket PC 2003 (ARMV4).Build.0 = Debug|Pocket PC 2003 (ARMV4)
		{0380E491-F4BA-45EE-AB2F-EF22F09EA9AD}.Debug|Pocket PC 2003 (ARMV4).Deploy.0 = Debug|Pocket PC 2003 (ARMV4)
		{0380E491-F4BA-45EE-AB2F-EF22F09EA9AD}.Debug|Smartphone 2003 (ARMV4).ActiveCfg = Debug|Smartphone 2003 (ARMV4)
		{0380E491-F4BA-45EE-AB2F-EF22F09EA9AD}.Debug|Smartphone 2003 (ARMV4).Build.0 = Debug|Smartphone 2003 (ARMV4)
		{0380E491-F4BA-45EE-AB2F-EF22F09EA9AD}.Debug|Smartphone 2003 (ARMV4).Deploy.0 = Debug|Smartphone 2003 (ARMV4)
		{0380E491-F4BA-45EE-AB2F-EF22F09EA9AD}.Debug|Windows Mobile 5.0 Pocket PC SDK (ARMV4I).ActiveCfg = Debug|Windows Mobile 5.0 Pocket PC SDK (ARMV4I)
		{0380E491-F4BA-45EE-AB2F-EF22F09EA9AD}.Debug|Windows Mobile 5.0 Pocket PC SDK (ARMV4I).Build.0 = Debug|Windows Mobile 5.0 Pocket PC SDK (ARMV4I)
		{0380E491-F4BA-45EE-AB2F-EF22F09EA9AD}.Debug|Windows Mobile 5.0 Pocket PC SDK (ARMV4I).Deploy.0 = Debug|Windows Mobile 5.0 Pocket PC SDK (ARMV4I)
		{0380E491-F4BA-45EE-AB2F-EF22F09EA9AD}.Debug|Windows Mobile 5.0 Smartphone SDK (ARMV4I).ActiveCfg = Debug|Windows Mobile 5.0 Pocket PC SDK (ARMV4I)
		{0380E491-F4BA-45EE-AB2F-EF22F09EA9AD}.Debug|Windows Mobile 6 Professional SDK (ARMV4I).ActiveCfg = Debug|Windows Mobile 6 Professional SDK (ARMV4I)
		{0380E491-F4BA-45EE-AB2F-EF22F09EA9AD}.Debug|Windows Mobile 6 Professional SDK (ARMV4I).Build.0 = Debug|Windows Mobile 6 Professional SDK (ARMV4I)
		{0380E491-F4BA-45EE-AB2F-EF22F09EA9AD}.Debug|Windows Mobile 6 Professional SDK (ARMV4I).Deploy.0 = Debug|Windows Mobile 6 Professional SDK (ARMV4I)
		{0380E491-F4BA-45EE-AB2F-EF22F09EA9AD}.Profiler|Pocket PC 2003 (ARMV4).ActiveCfg = Profiler|Pocket PC 2003 (ARMV4)
		{0380E491-F4BA-45EE-AB2F-EF22F09EA9AD}.Profiler|Pocket PC 2003 (ARMV4).Build.0 = Profiler|Pocket PC 2003 (ARMV4)
		{0380E491-F4BA-45EE-AB2F-EF22F09EA9AD}.Profiler|Pocket PC 2003 (ARMV4).Deploy.0 = Profiler|Pocket PC 2003 (ARMV4)
		{0380E491-F4BA-45EE-AB2F-EF22F09EA9AD}.Profiler|Smartphone 2003 (ARMV4).ActiveCfg = Profiler|Smartphone 2003 (ARMV4)
		{0380E491-F4BA-45EE-AB2F-EF22F09EA9AD}.Profiler|Smartphone 2003 (ARMV4).Build.0 = Profiler|Smartphone 2003 (ARMV4)
		{0380E491-F4BA-45EE-AB2F-EF22F09EA9AD}.Profiler|Smartphone 2003 (ARMV4).Deploy.0 = Profiler|Smartphone 2003 (ARMV4)
		{0380E491-F4BA-45EE-AB2F-EF22F09EA9AD}.Profiler|Windows Mobile 5.0 Pocket PC SDK (ARMV4I).ActiveCfg = Profiler|Windows Mobile 5.0 Pocket PC SDK (ARMV4I)
		{0380E491-F4BA-45EE-AB2F-EF22F09EA9AD}.Profiler|Windows Mobile 5.0 Pocket PC SDK (ARMV4I).Build.0 = Profiler|Windows Mobile 5.0 Pocket PC SDK (ARMV4I)
		{0380E491-F4BA-45EE-AB2F-EF22F09EA9AD}.Profiler|Windows Mobile 5.0 Pocket PC SDK (ARMV4I).Deploy.0 = Profiler|Windows Mobile 5.0 Pocket PC SDK (ARMV4I)
		{0380E491-F4BA-45EE-AB2F-EF22F09EA9AD}.Profiler|Windows Mobile 5.0 Smartphone SDK (ARMV4I).ActiveCfg = Profiler|Windows Mobile 5.0 Pocket PC SDK (ARMV4I)
		{0380E491-F4BA-45EE-AB2F-EF22F09EA9AD}.Profiler|Windows Mobile 6 Professional SDK (ARMV4I).ActiveCfg = Profiler|Windows Mobile 6 Professional SDK (ARMV4I)
		{0380E491-F4BA-45EE-AB2F-EF22F09EA9AD}.Profiler|Windows Mobile 6 Professional SDK (ARMV4I).Build.0 = Profiler|Windows Mobile 6 Professional SDK (ARMV4I)
		{0380E491-F4BA-45EE-AB2F-EF22F09EA9AD}.Profiler|Windows Mobile 6 Professional SDK (ARMV4I).Deploy.0 = Profiler|Windows Mobile 6 Professional SDK (ARMV4I)
		{0380E491-F4BA-45EE-AB2F-EF22F09EA9AD}.Release|Pocket PC 2003 (ARMV4).ActiveCfg = Release|Pocket PC 2003 (ARMV4)
		{0380E491-F4BA-45EE-AB2F-EF22F09EA9AD}.Release|Pocket PC 2003 (ARMV4).Build.0 = Release|Pocket PC 2003 (ARMV4)
		{0380E491-F4BA-45EE-AB2F-EF22F09EA9AD}.Release|Pocket PC 2003 (ARMV4).Deploy.0 = Release|Pocket PC 2003 (ARMV4)
		{0380E491-F4BA-45EE-AB2F-EF22F09EA9AD}.Release|Smartphone 2003 (ARMV4).ActiveCfg = Release|Smartphone 2003 (ARMV4)
		{0380E491-F4BA-45EE-AB2F-EF22F09EA9AD}.Release|Smartphone 2003 (ARMV4).Build.0 = Release|Smartphone 2003 (ARMV4)
		{0380E491-F4BA-45EE-AB2F-EF22F09EA9AD}.Release|Smartphone 2003 (ARMV4).Deploy.0 = Release|Smartphone 2003 (ARMV4)
		{0380E491-F4BA-45EE-AB2F-EF22F09EA9AD}.Release|Windows Mobile 5.0 Pocket PC SDK (ARMV4I).ActiveCfg = Release|Windows Mobile 5.0 Pocket PC SDK (ARMV4I)
		{0380E491-F4BA-45EE-AB2F-EF22F09EA9AD}.Release|Windows Mobile 5.0 Pocket PC SDK (ARMV4I).Build.0 = Release|Windows Mobile 5.0 Pocket PC SDK (ARMV4I)
		{0380E491-F4BA-45EE-AB2F-EF22F09EA9AD}.Release|Windows Mobile 5.0 Pocket PC SDK (ARMV4I).Deploy.0 = Release|Windows Mobile 5.0 Pocket PC SDK (ARMV4I)
		{0380E491-F4BA-45EE-AB2F-EF22F09EA9AD}.Release|Windows Mobile 5.0 Smartphone SDK (ARMV4I).ActiveCfg = Release|Windows Mobile 5.0 Pocket PC SDK (ARMV4I)
		{0380E491-F4BA-45EE-AB2F-EF22F09EA9AD}.Release|Windows Mobile 6 Professional SDK (ARMV4I).ActiveCfg = Release|Windows Mobile 6 Professional SDK (ARMV4I)
		{0380E491-F4BA-45EE-AB2F-EF22F09EA9AD}.Release|Windows Mobile 6 Professional SDK (ARMV4I).Build.0 = Release|Windows Mobile 6 Professional SDK (ARMV4I)
		{0380E491-F4BA-45EE-AB2F-EF22F09EA9AD}.Release|Windows Mobile 6 Professional SDK (ARMV4I).Deploy.0 = Release|Windows Mobile 6 Professional SDK (ARMV4I)
		{12CE6C30-7062-462C-BB6D-55A627D9CF75}.Debug|Pocket PC 2003 (ARMV4).ActiveCfg = Debug|Pocket PC 2003 (ARMV4)
		{12CE6C30-7062-462C-BB6D-55A627D9CF75}.Debug|Pocket PC 2003 (ARMV4).Build.0 = Debug|Pocket PC 2003 (ARMV4)
		{12CE6C30-7062-462C-BB6D-55A627D9CF75}.Debug|Pocket PC 2003 (ARMV4).Deploy.0 = Debug|Pocket PC 2003 (ARMV4)
		{12CE6C30-7062-462C-BB6D-55A627D9CF75}.Debug|Smartphone 2003 (ARMV4).ActiveCfg = Debug|Smartphone 2003 (ARMV4)
		{12CE6C30-7062-462C-BB6D-55A627D9CF75}.Debug|Smartphone 2003 (ARMV4).Build.0 = Debug|Smartphone 2003 (ARMV4)
		{12CE6C30-7062-462C-BB6D-55A627D9CF75}.Debug|Smartphone 2003 (ARMV4).Deploy.0 = Debug|Smartphone 2003 (ARMV4)
		{12CE6C30-7062-462C-BB6D-55A627D9CF75}.Debug|Windows Mobile 5.0 Pocket PC SDK (ARMV4I).ActiveCfg = Debug|Windows Mobile 5.0 Pocket PC SDK (ARMV4I)
		{12CE6C30-7062-462C-BB6D-55A627D9CF75}.Debug|Windows Mobile 5.0 Pocket PC SDK (ARMV4I).Build.0 = Debug|Windows Mobile 5.0 Pocket PC SDK (ARMV4I)
		{12CE6C30-7062-462C-BB6D-55A627D9CF75}.Debug|Windows Mobile 5.0 Pocket PC SDK (ARMV4I).Deploy.0 = Debug|Windows Mobile 5.0 Pocket PC SDK (ARMV4I)
		{12CE6C30-7062-462C-BB6D-55A627D9CF75}.Debug|Windows Mobile 5.0 Smartphone SDK (ARMV4I).ActiveCfg = Debug|Windows Mobile 5.0 Pocket PC SDK (ARMV4I)
		{12CE6C30-7062-462C-BB6D-55A627D9CF75}.Debug|Windows Mobile 6 Professional SDK (ARMV4I).ActiveCfg = Debug|Windows Mobile 6 Professional SDK (ARMV4I)
		{12CE6C30-7062-462C-BB6D-55A627D9CF75}.Debug|Windows Mobile 6 Professional SDK (ARMV4I).Build.0 = Debug|Windows Mobile 6 Professional SDK (ARMV4I)
		{12CE6C30-7062-462C-BB6D-55A627D9CF75}.Debug|Windows Mobile 6 Professional SDK (ARMV4I).Deploy.0 = Debug|Windows Mobile 6 Professional SDK (ARMV4I)
		{12CE6C30-7062-462C-BB6D-55A627D9CF75}.Profiler|Pocket PC 2003 (ARMV4).ActiveCfg = Profiler|Pocket PC 2003 (ARMV4)
		{12CE6C30-7062-462C-BB6D-55A627D9CF75}.Profiler|Pocket PC 2003 (ARMV4).Build.0 = Profiler|Pocket PC 2003 (ARMV4)
		{12CE6C30-7062-462C-BB6D-55A627D9CF75}.Profiler|Pocket PC 2003 (ARMV4).Deploy.0 = Profiler|Pocket PC 2003 (ARMV4)
		{12CE6C30-7062-462C-BB6D-55A627D9CF75}.Profiler|Smartphone 2003 (ARMV4).ActiveCfg = Profiler|Smartphone 2003 (ARMV4)
		{12CE6C30-7062-462C-BB6D-55A627D9CF75}.Profiler|Smartphone 2003 (ARMV4).Build.0 = Profiler|Smartphone 2003 (ARMV4)
		{12CE6C30-7062-462C-BB6D-55A627D9CF75}.Profiler|Smartphone 2003 (ARMV4).Deploy.0 = Profiler|Smartphone 2003 (ARMV4)
		{12CE6C30-7062-462C-BB6D-55A627D9CF75}.Profiler|Windows Mobile 5.0 Pocket PC SDK (ARMV4I).ActiveCfg = Profiler|Windows Mobile 5.0 Pocket PC SDK (ARMV4I)
		{12CE6C30-7062-462C-BB6D-55A627D9CF75}.Profiler|Windows Mobile 5.0 Pocket PC SDK (ARMV4I).Build.0 = Profiler|Windows Mobile 5.0 Pocket PC SDK (ARMV4I)
		{12CE6C30-7062-462C-BB6D-55A627D9CF75}.Profiler|Windows Mobile 5.0 Pocket PC SDK (ARMV4I).Deploy.0 = Profiler|Windows Mobile 5.0 Pocket PC SDK (ARMV4I)
		{12CE6C30-7062-462C-BB6D-55A627D9CF75}.Profiler|Windows Mobile 5.0 Smartphone SDK (ARMV4I).ActiveCfg = Profiler|Windows Mobile 5.0 Pocket PC SDK (ARMV4I)
		{12CE6C30-7062-462C-BB6D-55A627D9CF75}.Profiler|Windows Mobile 6 Professional SDK (ARMV4I).ActiveCfg = Profiler|Windows Mobile 6 Professional SDK (ARMV4I)
		{12CE6C30-7062-462C-BB6D-55A627D9CF75}.Profiler|Windows Mobile 6 Professional SDK (ARMV4I).Build.0 = Profiler|Windows Mobile 6 Professional SDK (ARMV4I)
		{12CE6C30-7062-462C-BB6D-55A627D9CF75}.Profiler|Windows Mobile 6 Professional SDK (ARMV4I).Deploy.0 = Profiler|Windows Mobile 6 Professional SDK (ARMV4I)
		{12CE6C30-7062-462C-BB6D-55A627D9CF75}.Release|Pocket PC 2003 (ARMV4).ActiveCfg = Release|Pocket PC 2003 (ARMV4)
		{12CE6C30-7062-462C-BB6D-55A627D9CF75}.Release|Pocket PC 2003 (ARMV4).Build.0 = Release|Pocket PC 2003 (ARMV4)
		{12CE6C30-7062-462C-BB6D-55A627D9CF75}.Release|Pocket PC 2003 (ARMV4).Deploy.0 = Release|Pocket PC 2003 (ARMV4)
		{12CE6C30-7062-462C-BB6D-55A627D9CF75}.Release|Smartphone 2003 (ARMV4).ActiveCfg = Release|Smartphone 2003 (ARMV4)
		{12CE6C30-7062-462C-BB6D-55A627D9CF75}.Release|Smartphone 2003 (ARMV4).Build.0 = Release|Smartphone 2003 (ARMV4)
		{12CE6C30-7062-462C-BB6D-55A627D9CF75}.Release|Smartphone 2003 (ARMV4).Deploy.0 = Release|Smartphone 2003 (ARMV4)
		{12CE6C30-7062-462C-BB6D-55A627D9CF75}.Release|Windows Mobile 5.0 Pocket PC SDK (ARMV4I).ActiveCfg = Release|Windows Mobile 5.0 Pocket PC SDK (ARMV4I)
		{12CE6C30-7062-462C-BB6D-55A627D9CF75}.Release|Windows Mobile 5.0 Pocket PC SDK (ARMV4I).Build.0 = Release|Windows Mobile 5.0 Pocket PC SDK (ARMV4I)
		{12CE6C30-7062-462C-BB6D-55A627D9CF75}.Release|Windows Mobile 5.0 Pocket PC SDK (ARMV4I).Deploy.0 = Release|Windows Mobile 5.0 Pocket PC SDK (ARMV4I)
		{12CE6C30-7062-462C-BB6D-55A627D9CF75}.Release|Windows Mobile 5.0 Smartphone SDK (ARMV4I).ActiveCfg = Release|Windows Mobile 5.0 Pocket PC SDK (ARMV4I)
		{12CE6C30-7062-462C-BB6D-55A627D9CF75}.Release|Windows Mobile 6 Professional SDK (ARMV4I).ActiveCfg = Release|Windows Mobile 6 Professional SDK (ARMV4I)
		{12CE6C30-7062-462C-BB6D-55A627D9CF75}.Release|Windows Mobile 6 Professional SDK (ARMV4I).Build.0 = Release|Windows Mobile 6 Professional SDK (ARMV4I)
		{12CE6C30-7062-462C-BB6D-55A627D9CF75}.Release|Windows Mobile 6 Professional SDK (ARMV4I).Deploy.0 = Release|Windows Mobile 6 Professional SDK (ARMV4I)
		{E8023209-F12B-4823-B6A7-3B37FD226D7E}.Debug|Pocket PC 2003 (ARMV4).ActiveCfg = Debug|Pocket PC 2003 (ARMV4)
		{E8023209-F12B-4823-B6A7-3B37FD226D7E}.Debug|Pocket PC 2003 (ARMV4).Build.0 = Debug|Pocket PC 2003 (ARMV4)
		{E8023209-F12B-4823-B6A7-3B37FD226D7E}.Debug|Pocket PC 2003 (ARMV4).Deploy.0 = Debug|Pocket PC 2003 (ARMV4)
		{E8023209-F12B-4823-B6A7-3B37FD226D7E}.Debug|Smartphone 2003 (ARMV4).ActiveCfg = Debug|Smartphone 2003 (ARMV4)
		{E8023209-F12B-4823-B6A7-3B37FD226D7E}.Debug|Smartphone 2003 (ARMV4).Build.0 = Debug|Smartphone 2003 (ARMV4)
		{E8023209-F12B-4823-B6A7-3B37FD226D7E}.Debug|Smartphone 2003 (ARMV4).Deploy.0 = Debug|Smartphone 2003 (ARMV4)
		{E8023209-F12B-4823-B6A7-3B37FD226D7E}.Debug|Windows Mobile 5.0 Pocket PC SDK (ARMV4I).ActiveCfg = Debug|Windows Mobile 5.0 Pocket PC SDK (ARMV4I)
		{E8023209-F12B-4823-B6A7-3B37FD226D7E}.Debug|Windows Mobile 5.0 Pocket PC SDK (ARMV4I).Build.0 = Debug|Windows Mobile 5.0 Pocket PC SDK (ARMV4I)
		{E8023209-F12B-4823-B6A7-3B37FD226D7E}.Debug|Windows Mobile 5.0 Pocket PC SDK (ARMV4I).Deploy.0 = Debug|Windows Mobile 5.0 Pocket PC SDK (ARMV4I)
		{E8023209-F12B-4823-B6A7-3B37FD226D7E}.Debug|Windows Mobile 5.0 Smartphone SDK (ARMV4I).ActiveCfg = Debug|Windows Mobile 5.0 Pocket PC SDK (ARMV4I)
		{E8023209-F12B-4823-B6A7-3B37FD226D7E}.Debug|Windows Mobile 6 Professional SDK (ARMV4I).ActiveCfg = Debug|Windows Mobile 6 Professional SDK (ARMV4I)
		{E8023209-F12B-4823-B6A7-3B37FD226D7E}.Debug|Windows Mobile 6 Professional SDK (ARMV4I).Build.0 = Debug|Windows Mobile 6 Professional SDK (ARMV4I)
		{E8023209-F12B-4823-B6A7-3B37FD226D7E}.Debug|Windows Mobile 6 Professional SDK (ARMV4I).Deploy.0 = Debug|Windows Mobile 6 Professional SDK (ARMV4I)
		{E8023209-F12B-4823-B6A7-3B37FD226D7E}.Profiler|Pocket PC 2003 (ARMV4).ActiveCfg = Profiler|Pocket PC 2003 (ARMV4)
		{E8023209-F12B-4823-B6A7-3B37FD226D7E}.Profiler|Pocket PC 2003 (ARMV4).Build.0 = Profiler|Pocket PC 2003 (ARMV4)
		{E8023209-F12B-4823-B6A7-3B37FD226D7E}.Profiler|Pocket PC 2003 (ARMV4).Deploy.0 = Profiler|Pocket PC 2003 (ARMV4)
		{E8023209-F12B-4823-B6A7-3B37FD226D7E}.Profiler|Smartphone 2003 (ARMV4).ActiveCfg = Profiler|Smartphone 2003 (ARMV4)
		{E8023209-F12B-4823-B6A7-3B37FD226D7E}.Profiler|Smartphone 2003 (ARMV4).Build.0 = Profiler|Smartphone 2003 (ARMV4)
		{E8023209-F12B-4823-B6A7-3B37FD226D7E}.Profiler|Smartphone 2003 (ARMV4).Deploy.0 = Profiler|Smartphone 2003 (ARMV4)
		{E8023209-F12B-4823-B6A7-3B37FD226D7E}.Profiler|Windows Mobile 5.0 Pocket PC SDK (ARMV4I).ActiveCfg = Profiler|Windows Mobile 5.0 Pocket PC SDK (ARMV4I)
		{E8023209-F12B-4823-B6A7-3B37FD226D7E}.Profiler|Windows Mobile 5.0 Pocket PC SDK (ARMV4I).Build.0 = Profiler|Windows Mobile 5.0 Pocket PC SDK (ARMV4I)
		{E8023209-F12B-4823-B6A7-3B37FD226D7E}.Profiler|Windows Mobile 5.0 Pocket PC SDK (ARMV4I).Deploy.0 = Profiler|Windows Mobile 5.0 Pocket PC SDK (ARMV4I)
		{E8023209-F12B-4823-B6A7-3B37FD226D7E}.Profiler|Windows Mobile 5.0 Smartphone SDK (ARMV4I).ActiveCfg = Profiler|Windows Mobile 5.0 Pocket PC SDK (ARMV4I)
		{E8023209-F12B-4823-B6A7-3B37FD226D7E}.Profiler|Windows Mobile 6 Professional SDK (ARMV4I).ActiveCfg = Profiler|Windows Mobile 6 Professional SDK (ARMV4I)
		{E8023209-F12B-4823-B6A7-3B37FD226D7E}.Profiler|Windows Mobile 6 Professional SDK (ARMV4I).Build.0 = Profiler|Windows Mobile 6 Professional SDK (ARMV4I)
		{E8023209-F12B-4823-B6A7-3B37FD226D7E}.Profiler|Windows Mobile 6 Professional SDK (ARMV4I).Deploy.0 = Profiler|Windows Mobile 6 Professional SDK (ARMV4I)
		{E8023209-F12B-4823-B6A7-3B37FD226D7E}.Release|Pocket PC 2003 (ARMV4).ActiveCfg = Release|Pocket PC 2003 (ARMV4)
		{E8023209-F12B-4823-B6A7-3B37FD226D7E}.Release|Pocket PC 2003 (ARMV4).Build.0 = Release|Pocket PC 2003 (ARMV4)
		{E8023209-F12B-4823-B6A7-3B37FD226D7E}.Release|Pocket PC 2003 (ARMV4).Deploy.0 = Release|Pocket PC 2003 (ARMV4)
		{E8023209-F12B-4823-B6A7-3B37FD226D7E}.Release|Smartphone 2003 (ARMV4).ActiveCfg = Release|Smartphone 2003 (ARMV4)
		{E8023209-F12B-4823-B6A7-3B37FD226D7E}.Release|Smartphone 2003 (ARMV4).Build.0 = Release|Smartphone 2003 (ARMV4)
		{E8023209-F12B-4823-B6A7-3B37FD226D7E}.Release|Smartphone 2003 (ARMV4).Deploy.0 = Release|Smartphone 2003 (ARMV4)
		{E8023209-F12B-4823-B6A7-3B37FD226D7E}.Release|Windows Mobile 5.0 Pocket PC SDK (ARMV4I).ActiveCfg = Release|Windows Mobile 5.0 Pocket PC SDK (ARMV4I)
		{E8023209-F12B-4823-B6A7-3B37FD226D7E}.Release|Windows Mobile 5.0 Pocket PC SDK (ARMV4I).Build.0 = Release|Windows Mobile 5.0 Pocket PC SDK (ARMV4I)
		{E8023209-F12B-4823-B6A7-3B37FD226D7E}.Release|Windows Mobile 5.0 Pocket PC SDK (ARMV4I).Deploy.0 = Release|Windows Mobile 5.0 Pocket PC SDK (ARMV4I)
		{E8023209-F12B-4823-B6A7-3B37FD226D7E}.Release|Windows Mobile 5.0 Smartphone SDK (ARMV4I).ActiveCfg = Release|Windows Mobile 5.0 Pocket PC SDK (ARMV4I)
		{E8023209-F12B-4823-B6A7-3B37FD226D7E}.Release|Windows Mobile 6 Professional SDK (ARMV4I).ActiveCfg = Release|Windows Mobile 6 Professional SDK (ARMV4I)
		{E8023209-F12B-4823-B6A7-3B37FD226D7E}.Release|Windows Mobile 6 Professional SDK (ARMV4I).Build.0 = Release|Windows Mobile 6 Professional SDK (ARMV4I)
		{E8023209-F12B-4823-B6A7-3B37FD226D7E}.Release|Windows Mobile 6 Professional SDK (ARMV4I).Deploy.0 = Release|Windows Mobile 6 Professional SDK (ARMV4I)
		{932EE858-7E49-4ADC-81A8-8D205ED94342}.Debug|Pocket PC 2003 (ARMV4).ActiveCfg = Debug|Pocket PC 2003 (ARMV4)
		{932EE858-7E49-4ADC-81A8-8D205ED94342}.Debug|Pocket PC 2003 (ARMV4).Build.0 = Debug|Pocket PC 2003 (ARMV4)
		{932EE858-7E49-4ADC-81A8-8D205ED94342}.Debug|Pocket PC 2003 (ARMV4).Deploy.0 = Debug|Pocket PC 2003 (ARMV4)
		{932EE858-7E49-4ADC-81A8-8D205ED94342}.Debug|Smartphone 2003 (ARMV4).ActiveCfg = Debug|Smartphone 2003 (ARMV4)
		{932EE858-7E49-4ADC-81A8-8D205ED94342}.Debug|Smartphone 2003 (ARMV4).Build.0 = Debug|Smartphone 2003 (ARMV4)
		{932EE858-7E49-4ADC-81A8-8D205ED94342}.Debug|Smartphone 2003 (ARMV4).Deploy.0 = Debug|Smartphone 2003 (ARMV4)
		{932EE858-7E49-4ADC-81A8-8D205ED94342}.Debug|Windows Mobile 5.0 Pocket PC SDK (ARMV4I).ActiveCfg = Debug|Windows Mobile 5.0 Pocket PC SDK (ARMV4I)
		{932EE858-7E49-4ADC-81A8-8D205ED94342}.Debug|Windows Mobile 5.0 Pocket PC SDK (ARMV4I).Build.0 = Debug|Windows Mobile 5.0 Pocket PC SDK (ARMV4I)
		{932EE858-7E49-4ADC-81A8-8D205ED94342}.Debug|Windows Mobile 5.0 Pocket PC SDK (ARMV4I).Deploy.0 = Debug|Windows Mobile 5.0 Pocket PC SDK (ARMV4I)
		{932EE858-7E49-4ADC-81A8-8D205ED94342}.Debug|Windows Mobile 5.0 Smartphone SDK (ARMV4I).ActiveCfg = Debug|Windows Mobile 5.0 Pocket PC SDK (ARMV4I)
		{932EE858-7E49-4ADC-81A8-8D205ED94342}.Debug|Windows Mobile 6 Professional SDK (ARMV4I).ActiveCfg = Debug|Windows Mobile 6 Professional SDK (ARMV4I)
		{932EE858-7E49-4ADC-81A8-8D205ED94342}.Debug|Windows Mobile 6 Professional SDK (ARMV4I).Build.0 = Debug|Windows Mobile 6 Professional SDK (ARMV4I)
		{932EE858-7E49-4ADC-81A8-8D205ED94342}.Debug|Windows Mobile 6 Professional SDK (ARMV4I).Deploy.0 = Debug|Windows Mobile 6 Professional SDK (ARMV4I)
		{932EE858-7E49-4ADC-81A8-8D205ED94342}.Profiler|Pocket PC 2003 (ARMV4).ActiveCfg = Release|Windows Mobile 5.0 Pocket PC SDK (ARMV4I)
		{932EE858-7E49-4ADC-81A8-8D205ED94342}.Profiler|Smartphone 2003 (ARMV4).ActiveCfg = Release|Windows Mobile 5.0 Pocket PC SDK (ARMV4I)
		{932EE858-7E49-4ADC-81A8-8D205ED94342}.Profiler|Windows Mobile 5.0 Pocket PC SDK (ARMV4I).ActiveCfg = Release|Windows Mobile 5.0 Pocket PC SDK (ARMV4I)
		{932EE858-7E49-4ADC-81A8-8D205ED94342}.Profiler|Windows Mobile 5.0 Pocket PC SDK (ARMV4I).Build.0 = Release|Windows Mobile 5.0 Pocket PC SDK (ARMV4I)
		{932EE858-7E49-4ADC-81A8-8D205ED94342}.Profiler|Windows Mobile 5.0 Pocket PC SDK (ARMV4I).Deploy.0 = Release|Windows Mobile 5.0 Pocket PC SDK (ARMV4I)
		{932EE858-7E49-4ADC-81A8-8D205ED94342}.Profiler|Windows Mobile 5.0 Smartphone SDK (ARMV4I).ActiveCfg = Release|Windows Mobile 6 Professional SDK (ARMV4I)
		{932EE858-7E49-4ADC-81A8-8D205ED94342}.Profiler|Windows Mobile 6 Professional SDK (ARMV4I).ActiveCfg = Release|Windows Mobile 6 Professional SDK (ARMV4I)
		{932EE858-7E49-4ADC-81A8-8D205ED94342}.Profiler|Windows Mobile 6 Professional SDK (ARMV4I).Build.0 = Release|Windows Mobile 6 Professional SDK (ARMV4I)
		{932EE858-7E49-4ADC-81A8-8D205ED94342}.Profiler|Windows Mobile 6 Professional SDK (ARMV4I).Deploy.0 = Release|Windows Mobile 6 Professional SDK (ARMV4I)
		{932EE858-7E49-4ADC-81A8-8D205ED94342}.Release|Pocket PC 2003 (ARMV4).ActiveCfg = Release|Pocket PC 2003 (ARMV4)
		{932EE858-7E49-4ADC-81A8-8D205ED94342}.Release|Pocket PC 2003 (ARMV4).Build.0 = Release|Pocket PC 2003 (ARMV4)
		{932EE858-7E49-4ADC-81A8-8D205ED94342}.Release|Pocket PC 2003 (ARMV4).Deploy.0 = Release|Pocket PC 2003 (ARMV4)
		{932EE858-7E49-4ADC-81A8-8D205ED94342}.Release|Smartphone 2003 (ARMV4).ActiveCfg = Release|Smartphone 2003 (ARMV4)
		{932EE858-7E49-4ADC-81A8-8D205ED94342}.Release|Smartphone 2003 (ARMV4).Build.0 = Release|Smartphone 2003 (ARMV4)
		{932EE858-7E49-4ADC-81A8-8D205ED94342}.Release|Smartphone 2003 (ARMV4).Deploy.0 = Release|Smartphone 2003 (ARMV4)
		{932EE858-7E49-4ADC-81A8-8D205ED94342}.Release|Windows Mobile 5.0 Pocket PC SDK (ARMV4I).ActiveCfg = Release|Windows Mobile 5.0 Pocket PC SDK (ARMV4I)
		{932EE858-7E49-4ADC-81A8-8D205ED94342}.Release|Windows Mobile 5.0 Pocket PC SDK (ARMV4I).Build.0 = Release|Windows Mobile 5.0 Pocket PC SDK (ARMV4I)
		{932EE858-7E49-4ADC-81A8-8D205ED94342}.Release|Windows Mobile 5.0 Pocket PC SDK (ARMV4I).Deploy.0 = Release|Windows Mobile 5.0 Pocket PC SDK (ARMV4I)
		{932EE858-7E49-4ADC-81A8-8D205ED94342}.Release|Windows Mobile 5.0 Smartphone SDK (ARMV4I).ActiveCfg = Release|Windows Mobile 5.0 Pocket PC SDK (ARMV4I)
		{932EE858-7E49-4ADC-81A8-8D205ED94342}.Release|Windows Mobile 6 Professional SDK (ARMV4I).ActiveCfg = Release|Windows Mobile 6 Professional SDK (ARMV4I)
		{932EE858-7E49-4ADC-81A8-8D205ED94342}.Release|Windows Mobile 6 Professional SDK (ARMV4I).Build.0 = Release|Windows Mobile 6 Professional SDK (ARMV4I)
		{932EE858-7E49-4ADC-81A8-8D205ED94342}.Release|Windows Mobile 6 Professional SDK (ARMV4I).Deploy.0 = Release|Windows Mobile 6 Professional SDK (ARMV4I)
		{0AD57AA2-C34D-4541-A445-6B6A485D3948}.Debug|Pocket PC 2003 (ARMV4).ActiveCfg = Debug|Pocket PC 2003 (ARMV4)
		{0AD57AA2-C34D-4541-A445-6B6A485D3948}.Debug|Pocket PC 2003 (ARMV4).Build.0 = Debug|Pocket PC 2003 (ARMV4)
		{0AD57AA2-C34D-4541-A445-6B6A485D3948}.Debug|Pocket PC 2003 (ARMV4).Deploy.0 = Debug|Pocket PC 2003 (ARMV4)
		{0AD57AA2-C34D-4541-A445-6B6A485D3948}.Debug|Smartphone 2003 (ARMV4).ActiveCfg = Debug|Smartphone 2003 (ARMV4)
		{0AD57AA2-C34D-4541-A445-6B6A485D3948}.Debug|Smartphone 2003 (ARMV4).Build.0 = Debug|Smartphone 2003 (ARMV4)
		{0AD57AA2-C34D-4541-A445-6B6A485D3948}.Debug|Smartphone 2003 (ARMV4).Deploy.0 = Debug|Smartphone 2003 (ARMV4)
		{0AD57AA2-C34D-4541-A445-6B6A485D3948}.Debug|Windows Mobile 5.0 Pocket PC SDK (ARMV4I).ActiveCfg = Debug|Windows Mobile 5.0 Pocket PC SDK (ARMV4I)
		{0AD57AA2-C34D-4541-A445-6B6A485D3948}.Debug|Windows Mobile 5.0 Pocket PC SDK (ARMV4I).Build.0 = Debug|Windows Mobile 5.0 Pocket PC SDK (ARMV4I)
		{0AD57AA2-C34D-4541-A445-6B6A485D3948}.Debug|Windows Mobile 5.0 Pocket PC SDK (ARMV4I).Deploy.0 = Debug|Windows Mobile 5.0 Pocket PC SDK (ARMV4I)
		{0AD57AA2-C34D-4541-A445-6B6A485D3948}.Debug|Windows Mobile 5.0 Smartphone SDK (ARMV4I).ActiveCfg = Debug|Windows Mobile 5.0 Pocket PC SDK (ARMV4I)
		{0AD57AA2-C34D-4541-A445-6B6A485D3948}.Debug|Windows Mobile 6 Professional SDK (ARMV4I).ActiveCfg = Debug|Windows Mobile 6 Professional SDK (ARMV4I)
		{0AD57AA2-C34D-4541-A445-6B6A485D3948}.Debug|Windows Mobile 6 Professional SDK (ARMV4I).Build.0 = Debug|Windows Mobile 6 Professional SDK (ARMV4I)
		{0AD57AA2-C34D-4541-A445-6B6A485D3948}.Debug|Windows Mobile 6 Professional SDK (ARMV4I).Deploy.0 = Debug|Windows Mobile 6 Professional SDK (ARMV4I)
		{0AD57AA2-C34D-4541-A445-6B6A485D3948}.Profiler|Pocket PC 2003 (ARMV4).ActiveCfg = Debug|Windows Mobile 5.0 Pocket PC SDK (ARMV4I)
		{0AD57AA2-C34D-4541-A445-6B6A485D3948}.Profiler|Smartphone 2003 (ARMV4).ActiveCfg = Debug|Windows Mobile 5.0 Pocket PC SDK (ARMV4I)
		{0AD57AA2-C34D-4541-A445-6B6A485D3948}.Profiler|Windows Mobile 5.0 Pocket PC SDK (ARMV4I).ActiveCfg = Debug|Windows Mobile 5.0 Pocket PC SDK (ARMV4I)
		{0AD57AA2-C34D-4541-A445-6B6A485D3948}.Profiler|Windows Mobile 5.0 Pocket PC SDK (ARMV4I).Build.0 = Debug|Windows Mobile 5.0 Pocket PC SDK (ARMV4I)
		{0AD57AA2-C34D-4541-A445-6B6A485D3948}.Profiler|Windows Mobile 5.0 Pocket PC SDK (ARMV4I).Deploy.0 = Debug|Windows Mobile 5.0 Pocket PC SDK (ARMV4I)
		{0AD57AA2-C34D-4541-A445-6B6A485D3948}.Profiler|Windows Mobile 5.0 Smartphone SDK (ARMV4I).ActiveCfg = Release|Windows Mobile 6 Professional SDK (ARMV4I)
		{0AD57AA2-C34D-4541-A445-6B6A485D3948}.Profiler|Windows Mobile 6 Professional SDK (ARMV4I).ActiveCfg = Debug|Windows Mobile 6 Professional SDK (ARMV4I)
		{0AD57AA2-C34D-4541-A445-6B6A485D3948}.Profiler|Windows Mobile 6 Professional SDK (ARMV4I).Build.0 = Debug|Windows Mobile 6 Professional SDK (ARMV4I)
		{0AD57AA2-C34D-4541-A445-6B6A485D3948}.Profiler|Windows Mobile 6 Professional SDK (ARMV4I).Deploy.0 = Debug|Windows Mobile 6 Professional SDK (ARMV4I)
		{0AD57AA2-C34D-4541-A445-6B6A485D3948}.Release|Pocket PC 2003 (ARMV4).ActiveCfg = Release|Pocket PC 2003 (ARMV4)
		{0AD57AA2-C34D-4541-A445-6B6A485D3948}.Release|Pocket PC 2003 (ARMV4).Build.0 = Release|Pocket PC 2003 (ARMV4)
		{0AD57AA2-C34D-4541-A445-6B6A485D3948}.Release|Pocket PC 2003 (ARMV4).Deploy.0 = Release|Pocket PC 2003 (ARMV4)
		{0AD57AA2-C34D-4541-A445-6B6A485D3948}.Release|Smartphone 2003 (ARMV4).ActiveCfg = Release|Smartphone 2003 (ARMV4)
		{0AD57AA2-C34D-4541-A445-6B6A485D3948}.Release|Smartphone 2003 (ARMV4).Build.0 = Release|Smartphone 2003 (ARMV4)
		{0AD57AA2-C34D-4541-A445-6B6A485D3948}.Release|Smartphone 2003 (ARMV4).Deploy.0 = Release|Smartphone 2003 (ARMV4)
		{0AD57AA2-C34D-4541-A445-6B6A485D3948}.Release|Windows Mobile 5.0 Pocket PC SDK (ARMV4I).ActiveCfg = Release|Windows Mobile 5.0 Pocket PC SDK (ARMV4I)
		{0AD57AA2-C34D-4541-A445-6B6A485D3948}.Release|Windows Mobile 5.0 Pocket PC SDK (ARMV4I).Build.0 = Release|Windows Mobile 5.0 Pocket PC SDK (ARMV4I)
		{0AD57AA2-C34D-4541-A445-6B6A485D3948}.Release|Windows Mobile 5.0 Pocket PC SDK (ARMV4I).Deploy.0 = Release|Windows Mobile 5.0 Pocket PC SDK (ARMV4I)
		{0AD57AA2-C34D-4541-A445-6B6A485D3948}.Release|Windows Mobile 5.0 Smartphone SDK (ARMV4I).ActiveCfg = Release|Windows Mobile 5.0 Pocket PC SDK (ARMV4I)
		{0AD57AA2-C34D-4541-A445-6B6A485D3948}.Release|Windows Mobile 6 Professional SDK (ARMV4I).ActiveCfg = Release|Windows Mobile 6 Professional SDK (ARMV4I)
		{0AD57AA2-C34D-4541-A445-6B6A485D3948}.Release|Windows Mobile 6 Professional SDK (ARMV4I).Build.0 = Release|Windows Mobile 6 Professional SDK (ARMV4I)
		{0AD57AA2-C34D-4541-A445-6B6A485D3948}.Release|Windows Mobile 6 Professional SDK (ARMV4I).Deploy.0 = Release|Windows Mobile 6 Professional SDK (ARMV4I)
		{3E54B314-91BE-4E58-83F1-2706042C83F1}.Debug|Pocket PC 2003 (ARMV4).ActiveCfg = Debug|Pocket PC 2003 (ARMV4)
		{3E54B314-91BE-4E58-83F1-2706042C83F1}.Debug|Pocket PC 2003 (ARMV4).Build.0 = Debug|Pocket PC 2003 (ARMV4)
		{3E54B314-91BE-4E58-83F1-2706042C83F1}.Debug|Pocket PC 2003 (ARMV4).Deploy.0 = Debug|Pocket PC 2003 (ARMV4)
		{3E54B314-91BE-4E58-83F1-2706042C83F1}.Debug|Smartphone 2003 (ARMV4).ActiveCfg = Debug|Smartphone 2003 (ARMV4)
		{3E54B314-91BE-4E58-83F1-2706042C83F1}.Debug|Smartphone 2003 (ARMV4).Build.0 = Debug|Smartphone 2003 (ARMV4)
		{3E54B314-91BE-4E58-83F1-2706042C83F1}.Debug|Smartphone 2003 (ARMV4).Deploy.0 = Debug|Smartphone 2003 (ARMV4)
		{3E54B314-91BE-4E58-83F1-2706042C83F1}.Debug|Windows Mobile 5.0 Pocket PC SDK (ARMV4I).ActiveCfg = Debug|Windows Mobile 5.0 Pocket PC SDK (ARMV4I)
		{3E54B314-91BE-4E58-83F1-2706042C83F1}.Debug|Windows Mobile 5.0 Pocket PC SDK (ARMV4I).Build.0 = Debug|Windows Mobile 5.0 Pocket PC SDK (ARMV4I)
		{3E54B314-91BE-4E58-83F1-2706042C83F1}.Debug|Windows Mobile 5.0 Pocket PC SDK (ARMV4I).Deploy.0 = Debug|Windows Mobile 5.0 Pocket PC SDK (ARMV4I)
		{3E54B314-91BE-4E58-83F1-2706042C83F1}.Debug|Windows Mobile 5.0 Smartphone SDK (ARMV4I).ActiveCfg = Debug|Windows Mobile 5.0 Pocket PC SDK (ARMV4I)
		{3E54B314-91BE-4E58-83F1-2706042C83F1}.Debug|Windows Mobile 6 Professional SDK (ARMV4I).ActiveCfg = Debug|Windows Mobile 6 Professional SDK (ARMV4I)
		{3E54B314-91BE-4E58-83F1-2706042C83F1}.Debug|Windows Mobile 6 Professional SDK (ARMV4I).Build.0 = Debug|Windows Mobile 6 Professional SDK (ARMV4I)
		{3E54B314-91BE-4E58-83F1-2706042C83F1}.Debug|Windows Mobile 6 Professional SDK (ARMV4I).Deploy.0 = Debug|Windows Mobile 6 Professional SDK (ARMV4I)
		{3E54B314-91BE-4E58-83F1-2706042C83F1}.Profiler|Pocket PC 2003 (ARMV4).ActiveCfg = Profiler|Pocket PC 2003 (ARMV4)
		{3E54B314-91BE-4E58-83F1-2706042C83F1}.Profiler|Pocket PC 2003 (ARMV4).Build.0 = Profiler|Pocket PC 2003 (ARMV4)
		{3E54B314-91BE-4E58-83F1-2706042C83F1}.Profiler|Pocket PC 2003 (ARMV4).Deploy.0 = Profiler|Pocket PC 2003 (ARMV4)
		{3E54B314-91BE-4E58-83F1-2706042C83F1}.Profiler|Smartphone 2003 (ARMV4).ActiveCfg = Profiler|Smartphone 2003 (ARMV4)
		{3E54B314-91BE-4E58-83F1-2706042C83F1}.Profiler|Smartphone 2003 (ARMV4).Build.0 = Profiler|Smartphone 2003 (ARMV4)
		{3E54B314-91BE-4E58-83F1-2706042C83F1}.Profiler|Smartphone 2003 (ARMV4).Deploy.0 = Profiler|Smartphone 2003 (ARMV4)
		{3E54B314-91BE-4E58-83F1-2706042C83F1}.Profiler|Windows Mobile 5.0 Pocket PC SDK (ARMV4I).ActiveCfg = Profiler|Windows Mobile 5.0 Pocket PC SDK (ARMV4I)
		{3E54B314-91BE-4E58-83F1-2706042C83F1}.Profiler|Windows Mobile 5.0 Pocket PC SDK (ARMV4I).Build.0 = Profiler|Windows Mobile 5.0 Pocket PC SDK (ARMV4I)
		{3E54B314-91BE-4E58-83F1-2706042C83F1}.Profiler|Windows Mobile 5.0 Pocket PC SDK (ARMV4I).Deploy.0 = Profiler|Windows Mobile 5.0 Pocket PC SDK (ARMV4I)
		{3E54B314-91BE-4E58-83F1-2706042C83F1}.Profiler|Windows Mobile 5.0 Smartphone SDK (ARMV4I).ActiveCfg = Profiler|Windows Mobile 5.0 Pocket PC SDK (ARMV4I)
		{3E54B314-91BE-4E58-83F1-2706042C83F1}.Profiler|Windows Mobile 6 Professional SDK (ARMV4I).ActiveCfg = Profiler|Windows Mobile 6 Professional SDK (ARMV4I)
		{3E54B314-91BE-4E58-83F1-2706042C83F1}.Profiler|Windows Mobile 6 Professional SDK (ARMV4I).Build.0 = Profiler|Windows Mobile 6 Professional SDK (ARMV4I)
		{3E54B314-91BE-4E58-83F1-2706042C83F1}.Profiler|Windows Mobile 6 Professional SDK (ARMV4I).Deploy.0 = Profiler|Windows Mobile 6 Professional SDK (ARMV4I)
		{3E54B314-91BE-4E58-83F1-2706042C83F1}.Release|Pocket PC 2003 (ARMV4).ActiveCfg = Release|Pocket PC 2003 (ARMV4)
		{3E54B314-91BE-4E58-83F1-2706042C83F1}.Release|Pocket PC 2003 (ARMV4).Build.0 = Release|Pocket PC 2003 (ARMV4)
		{3E54B314-91BE-4E58-83F1-2706042C83F1}.Release|Pocket PC 2003 (ARMV4).Deploy.0 = Release|Pocket PC 2003 (ARMV4)
		{3E54B314-91BE-4E58-83F1-2706042C83F1}.Release|Smartphone 2003 (ARMV4).ActiveCfg = Release|Smartphone 2003 (ARMV4)
		{3E54B314-91BE-4E58-83F1-2706042C83F1}.Release|Smartphone 2003 (ARMV4).Build.0 = Release|Smartphone 2003 (ARMV4)
		{3E54B314-91BE-4E58-83F1-2706042C83F1}.Release|Smartphone 2003 (ARMV4).Deploy.0 = Release|Smartphone 2003 (ARMV4)
		{3E54B314-91BE-4E58-83F1-2706042C83F1}.Release|Windows Mobile 5.0 Pocket PC SDK (ARMV4I).ActiveCfg = Release|Windows Mobile 5.0 Pocket PC SDK (ARMV4I)
		{3E54B314-91BE-4E58-83F1-2706042C83F1}.Release|Windows Mobile 5.0 Pocket PC SDK (ARMV4I).Build.0 = Release|Windows Mobile 5.0 Pocket PC SDK (ARMV4I)
		{3E54B314-91BE-4E58-83F1-2706042C83F1}.Release|Windows Mobile 5.0 Pocket PC SDK (ARMV4I).Deploy.0 = Release|Windows Mobile 5.0 Pocket PC SDK (ARMV4I)
		{3E54B314-91BE-4E58-83F1-2706042C83F1}.Release|Windows Mobile 5.0 Smartphone SDK (ARMV4I).ActiveCfg = Release|Windows Mobile 5.0 Pocket PC SDK (ARMV4I)
		{3E54B314-91BE-4E58-83F1-2706042C83F1}.Release|Windows Mobile 6 Professional SDK (ARMV4I).ActiveCfg = Release|Windows Mobile 6 Professional SDK (ARMV4I)
		{3E54B314-91BE-4E58-83F1-2706042C83F1}.Release|Windows Mobile 6 Professional SDK (ARMV4I).Build.0 = Release|Windows Mobile 6 Professional SDK (ARMV4I)
		{3E54B314-91BE-4E58-83F1-2706042C83F1}.Release|Windows Mobile 6 Professional SDK (ARMV4I).Deploy.0 = Release|Windows Mobile 6 Professional SDK (ARMV4I)
		{16651EE8-2AB9-4ECC-BEB0-5CD165779696}.Debug|Pocket PC 2003 (ARMV4).ActiveCfg = Debug|Pocket PC 2003 (ARMV4)
		{16651EE8-2AB9-4ECC-BEB0-5CD165779696}.Debug|Pocket PC 2003 (ARMV4).Build.0 = Debug|Pocket PC 2003 (ARMV4)
		{16651EE8-2AB9-4ECC-BEB0-5CD165779696}.Debug|Pocket PC 2003 (ARMV4).Deploy.0 = Debug|Pocket PC 2003 (ARMV4)
		{16651EE8-2AB9-4ECC-BEB0-5CD165779696}.Debug|Smartphone 2003 (ARMV4).ActiveCfg = Debug|Smartphone 2003 (ARMV4)
		{16651EE8-2AB9-4ECC-BEB0-5CD165779696}.Debug|Smartphone 2003 (ARMV4).Build.0 = Debug|Smartphone 2003 (ARMV4)
		{16651EE8-2AB9-4ECC-BEB0-5CD165779696}.Debug|Smartphone 2003 (ARMV4).Deploy.0 = Debug|Smartphone 2003 (ARMV4)
		{16651EE8-2AB9-4ECC-BEB0-5CD165779696}.Debug|Windows Mobile 5.0 Pocket PC SDK (ARMV4I).ActiveCfg = Debug|Windows Mobile 5.0 Pocket PC SDK (ARMV4I)
		{16651EE8-2AB9-4ECC-BEB0-5CD165779696}.Debug|Windows Mobile 5.0 Pocket PC SDK (ARMV4I).Build.0 = Debug|Windows Mobile 5.0 Pocket PC SDK (ARMV4I)
		{16651EE8-2AB9-4ECC-BEB0-5CD165779696}.Debug|Windows Mobile 5.0 Pocket PC SDK (ARMV4I).Deploy.0 = Debug|Windows Mobile 5.0 Pocket PC SDK (ARMV4I)
		{16651EE8-2AB9-4ECC-BEB0-5CD165779696}.Debug|Windows Mobile 5.0 Smartphone SDK (ARMV4I).ActiveCfg = Debug|Windows Mobile 5.0 Pocket PC SDK (ARMV4I)
		{16651EE8-2AB9-4ECC-BEB0-5CD165779696}.Debug|Windows Mobile 6 Professional SDK (ARMV4I).ActiveCfg = Debug|Windows Mobile 6 Professional SDK (ARMV4I)
		{16651EE8-2AB9-4ECC-BEB0-5CD165779696}.Debug|Windows Mobile 6 Professional SDK (ARMV4I).Build.0 = Debug|Windows Mobile 6 Professional SDK (ARMV4I)
		{16651EE8-2AB9-4ECC-BEB0-5CD165779696}.Debug|Windows Mobile 6 Professional SDK (ARMV4I).Deploy.0 = Debug|Windows Mobile 6 Professional SDK (ARMV4I)
		{16651EE8-2AB9-4ECC-BEB0-5CD165779696}.Profiler|Pocket PC 2003 (ARMV4).ActiveCfg = Release|Pocket PC 2003 (ARMV4)
		{16651EE8-2AB9-4ECC-BEB0-5CD165779696}.Profiler|Pocket PC 2003 (ARMV4).Build.0 = Release|Pocket PC 2003 (ARMV4)
		{16651EE8-2AB9-4ECC-BEB0-5CD165779696}.Profiler|Pocket PC 2003 (ARMV4).Deploy.0 = Release|Pocket PC 2003 (ARMV4)
		{16651EE8-2AB9-4ECC-BEB0-5CD165779696}.Profiler|Smartphone 2003 (ARMV4).ActiveCfg = Release|Pocket PC 2003 (ARMV4)
		{16651EE8-2AB9-4ECC-BEB0-5CD165779696}.Profiler|Windows Mobile 5.0 Pocket PC SDK (ARMV4I).ActiveCfg = Release|Pocket PC 2003 (ARMV4)
		{16651EE8-2AB9-4ECC-BEB0-5CD165779696}.Profiler|Windows Mobile 5.0 Smartphone SDK (ARMV4I).ActiveCfg = Release|Windows Mobile 6 Professional SDK (ARMV4I)
		{16651EE8-2AB9-4ECC-BEB0-5CD165779696}.Profiler|Windows Mobile 6 Professional SDK (ARMV4I).ActiveCfg = Release|Windows Mobile 6 Professional SDK (ARMV4I)
		{16651EE8-2AB9-4ECC-BEB0-5CD165779696}.Profiler|Windows Mobile 6 Professional SDK (ARMV4I).Build.0 = Release|Windows Mobile 6 Professional SDK (ARMV4I)
		{16651EE8-2AB9-4ECC-BEB0-5CD165779696}.Profiler|Windows Mobile 6 Professional SDK (ARMV4I).Deploy.0 = Release|Windows Mobile 6 Professional SDK (ARMV4I)
		{16651EE8-2AB9-4ECC-BEB0-5CD165779696}.Release|Pocket PC 2003 (ARMV4).ActiveCfg = Release|Pocket PC 2003 (ARMV4)
		{16651EE8-2AB9-4ECC-BEB0-5CD165779696}.Release|Pocket PC 2003 (ARMV4).Build.0 = Release|Pocket PC 2003 (ARMV4)
		{16651EE8-2AB9-4ECC-BEB0-5CD165779696}.Release|Pocket PC 2003 (ARMV4).Deploy.0 = Release|Pocket PC 2003 (ARMV4)
		{16651EE8-2AB9-4ECC-BEB0-5CD165779696}.Release|Smartphone 2003 (ARMV4).ActiveCfg = Release|Smartphone 2003 (ARMV4)
		{16651EE8-2AB9-4ECC-BEB0-5CD165779696}.Release|Smartphone 2003 (ARMV4).Build.0 = Release|Smartphone 2003 (ARMV4)
		{16651EE8-2AB9-4ECC-BEB0-5CD165779696}.Release|Smartphone 2003 (ARMV4).Deploy.0 = Release|Smartphone 2003 (ARMV4)
		{16651EE8-2AB9-4ECC-BEB0-5CD165779696}.Release|Windows Mobile 5.0 Pocket PC SDK (ARMV4I).ActiveCfg = Release|Windows Mobile 5.0 Pocket PC SDK (ARMV4I)
		{16651EE8-2AB9-4ECC-BEB0-5CD165779696}.Release|Windows Mobile 5.0 Pocket PC SDK (ARMV4I).Build.0 = Release|Windows Mobile 5.0 Pocket PC SDK (ARMV4I)
		{16651EE8-2AB9-4ECC-BEB0-5CD165779696}.Release|Windows Mobile 5.0 Pocket PC SDK (ARMV4I).Deploy.0 = Release|Windows Mobile 5.0 Pocket PC SDK (ARMV4I)
		{16651EE8-2AB9-4ECC-BEB0-5CD165779696}.Release|Windows Mobile 5.0 Smartphone SDK (ARMV4I).ActiveCfg = Release|Windows Mobile 5.0 Pocket PC SDK (ARMV4I)
		{16651EE8-2AB9-4ECC-BEB0-5CD165779696}.Release|Windows Mobile 6 Professional SDK (ARMV4I).ActiveCfg = Release|Windows Mobile 6 Professional SDK (ARMV4I)
		{16651EE8-2AB9-4ECC-BEB0-5CD165779696}.Release|Windows Mobile 6 Professional SDK (ARMV4I).Build.0 = Release|Windows Mobile 6 Professional SDK (ARMV4I)
		{16651EE8-2AB9-4ECC-BEB0-5CD165779696}.Release|Windows Mobile 6 Professional SDK (ARMV4I).Deploy.0 = Release|Windows Mobile 6 Professional SDK (ARMV4I)
		{90E72200-2973-43BF-BF90-AC23F846FD30}.Debug|Pocket PC 2003 (ARMV4).ActiveCfg = Debug|Pocket PC 2003 (ARMV4)
		{90E72200-2973-43BF-BF90-AC23F846FD30}.Debug|Pocket PC 2003 (ARMV4).Build.0 = Debug|Pocket PC 2003 (ARMV4)
		{90E72200-2973-43BF-BF90-AC23F846FD30}.Debug|Pocket PC 2003 (ARMV4).Deploy.0 = Debug|Pocket PC 2003 (ARMV4)
		{90E72200-2973-43BF-BF90-AC23F846FD30}.Debug|Smartphone 2003 (ARMV4).ActiveCfg = Debug|Smartphone 2003 (ARMV4)
		{90E72200-2973-43BF-BF90-AC23F846FD30}.Debug|Smartphone 2003 (ARMV4).Build.0 = Debug|Smartphone 2003 (ARMV4)
		{90E72200-2973-43BF-BF90-AC23F846FD30}.Debug|Smartphone 2003 (ARMV4).Deploy.0 = Debug|Smartphone 2003 (ARMV4)
		{90E72200-2973-43BF-BF90-AC23F846FD30}.Debug|Windows Mobile 5.0 Pocket PC SDK (ARMV4I).ActiveCfg = Debug|Windows Mobile 5.0 Pocket PC SDK (ARMV4I)
		{90E72200-2973-43BF-BF90-AC23F846FD30}.Debug|Windows Mobile 5.0 Pocket PC SDK (ARMV4I).Build.0 = Debug|Windows Mobile 5.0 Pocket PC SDK (ARMV4I)
		{90E72200-2973-43BF-BF90-AC23F846FD30}.Debug|Windows Mobile 5.0 Pocket PC SDK (ARMV4I).Deploy.0 = Debug|Windows Mobile 5.0 Pocket PC SDK (ARMV4I)
		{90E72200-2973-43BF-BF90-AC23F846FD30}.Debug|Windows Mobile 5.0 Smartphone SDK (ARMV4I).ActiveCfg = Debug|Windows Mobile 5.0 Smartphone SDK (ARMV4I)
		{90E72200-2973-43BF-BF90-AC23F846FD30}.Debug|Windows Mobile 5.0 Smartphone SDK (ARMV4I).Build.0 = Debug|Windows Mobile 5.0 Smartphone SDK (ARMV4I)
		{90E72200-2973-43BF-BF90-AC23F846FD30}.Debug|Windows Mobile 5.0 Smartphone SDK (ARMV4I).Deploy.0 = Debug|Windows Mobile 5.0 Smartphone SDK (ARMV4I)
		{90E72200-2973-43BF-BF90-AC23F846FD30}.Debug|Windows Mobile 6 Professional SDK (ARMV4I).ActiveCfg = Debug|Windows Mobile 5.0 Smartphone SDK (ARMV4I)
		{90E72200-2973-43BF-BF90-AC23F846FD30}.Profiler|Pocket PC 2003 (ARMV4).ActiveCfg = Release|Windows Mobile 5.0 Smartphone SDK (ARMV4I)
		{90E72200-2973-43BF-BF90-AC23F846FD30}.Profiler|Smartphone 2003 (ARMV4).ActiveCfg = Release|Windows Mobile 5.0 Smartphone SDK (ARMV4I)
		{90E72200-2973-43BF-BF90-AC23F846FD30}.Profiler|Windows Mobile 5.0 Pocket PC SDK (ARMV4I).ActiveCfg = Release|Windows Mobile 5.0 Smartphone SDK (ARMV4I)
		{90E72200-2973-43BF-BF90-AC23F846FD30}.Profiler|Windows Mobile 5.0 Smartphone SDK (ARMV4I).ActiveCfg = Release|Windows Mobile 5.0 Smartphone SDK (ARMV4I)
		{90E72200-2973-43BF-BF90-AC23F846FD30}.Profiler|Windows Mobile 5.0 Smartphone SDK (ARMV4I).Build.0 = Release|Windows Mobile 5.0 Smartphone SDK (ARMV4I)
		{90E72200-2973-43BF-BF90-AC23F846FD30}.Profiler|Windows Mobile 5.0 Smartphone SDK (ARMV4I).Deploy.0 = Release|Windows Mobile 5.0 Smartphone SDK (ARMV4I)
		{90E72200-2973-43BF-BF90-AC23F846FD30}.Profiler|Windows Mobile 6 Professional SDK (ARMV4I).ActiveCfg = Release|Windows Mobile 5.0 Smartphone SDK (ARMV4I)
		{90E72200-2973-43BF-BF90-AC23F846FD30}.Release|Pocket PC 2003 (ARMV4).ActiveCfg = Release|Pocket PC 2003 (ARMV4)
		{90E72200-2973-43BF-BF90-AC23F846FD30}.Release|Pocket PC 2003 (ARMV4).Build.0 = Release|Pocket PC 2003 (ARMV4)
		{90E72200-2973-43BF-BF90-AC23F846FD30}.Release|Pocket PC 2003 (ARMV4).Deploy.0 = Release|Pocket PC 2003 (ARMV4)
		{90E72200-2973-43BF-BF90-AC23F846FD30}.Release|Smartphone 2003 (ARMV4).ActiveCfg = Release|Smartphone 2003 (ARMV4)
		{90E72200-2973-43BF-BF90-AC23F846FD30}.Release|Smartphone 2003 (ARMV4).Build.0 = Release|Smartphone 2003 (ARMV4)
		{90E72200-2973-43BF-BF90-AC23F846FD30}.Release|Smartphone 2003 (ARMV4).Deploy.0 = Release|Smartphone 2003 (ARMV4)
		{90E72200-2973-43BF-BF90-AC23F846FD30}.Release|Windows Mobile 5.0 Pocket PC SDK (ARMV4I).ActiveCfg = Release|Windows Mobile 5.0 Pocket PC SDK (ARMV4I)
		{90E72200-2973-43BF-BF90-AC23F846FD30}.Release|Windows Mobile 5.0 Pocket PC SDK (ARMV4I).Build.0 = Release|Windows Mobile 5.0 Pocket PC SDK (ARMV4I)
		{90E72200-2973-43BF-BF90-AC23F846FD30}.Release|Windows Mobile 5.0 Pocket PC SDK (ARMV4I).Deploy.0 = Release|Windows Mobile 5.0 Pocket PC SDK (ARMV4I)
		{90E72200-2973-43BF-BF90-AC23F846FD30}.Release|Windows Mobile 5.0 Smartphone SDK (ARMV4I).ActiveCfg = Release|Windows Mobile 5.0 Smartphone SDK (ARMV4I)
		{90E72200-2973-43BF-BF90-AC23F846FD30}.Release|Windows Mobile 5.0 Smartphone SDK (ARMV4I).Build.0 = Release|Windows Mobile 5.0 Smartphone SDK (ARMV4I)
		{90E72200-2973-43BF-BF90-AC23F846FD30}.Release|Windows Mobile 5.0 Smartphone SDK (ARMV4I).Deploy.0 = Release|Windows Mobile 5.0 Smartphone SDK (ARMV4I)
		{90E72200-2973-43BF-BF90-AC23F846FD30}.Release|Windows Mobile 6 Professional SDK (ARMV4I).ActiveCfg = Release|Windows Mobile 5.0 Smartphone SDK (ARMV4I)
	EndGlobalSection
	GlobalSection(SolutionProperties) = preSolution
		HideSolutionNode = FALSE
	EndGlobalSection
EndGlobal
